// !$*UTF8*$!
{
	archiveVersion = 1;
	classes = {
	};
	objectVersion = 46;
	objects = {

/* Begin PBXBuildFile section */
		8215D0541AC6859800EE17D9 /* BluetoothListener.m in Sources */ = {isa = PBXBuildFile; fileRef = 8215D0531AC6859800EE17D9 /* BluetoothListener.m */; };
		8215D05D1AC68A4C00EE17D9 /* ListenerManager.m in Sources */ = {isa = PBXBuildFile; fileRef = 8215D05C1AC68A4C00EE17D9 /* ListenerManager.m */; };
		82167E731AC70C010000DFB0 /* IOBluetooth.framework in Frameworks */ = {isa = PBXBuildFile; fileRef = 82167E711AC70C010000DFB0 /* IOBluetooth.framework */; };
		82167E741AC70C010000DFB0 /* IOBluetoothUI.framework in Frameworks */ = {isa = PBXBuildFile; fileRef = 82167E721AC70C010000DFB0 /* IOBluetoothUI.framework */; };
		821E56A11AC5CCDD000515A5 /* SecurityInterface.framework in Frameworks */ = {isa = PBXBuildFile; fileRef = 821E56A01AC5CCDD000515A5 /* SecurityInterface.framework */; };
		821E56A31AC5CCE2000515A5 /* Cocoa.framework in Frameworks */ = {isa = PBXBuildFile; fileRef = 821E56A21AC5CCE2000515A5 /* Cocoa.framework */; };
		821E56AB1AC5F129000515A5 /* main.m in Sources */ = {isa = PBXBuildFile; fileRef = 821E56AA1AC5F129000515A5 /* main.m */; };
		8278342F1ABF1AEA006F5A63 /* CoreBluetooth.framework in Frameworks */ = {isa = PBXBuildFile; fileRef = 8278342E1ABF1AEA006F5A63 /* CoreBluetooth.framework */; };
		828D0D551ABDAA96002BEFC9 /* main.m in Sources */ = {isa = PBXBuildFile; fileRef = 828D0D541ABDAA96002BEFC9 /* main.m */; };
		828D0D581ABDAA96002BEFC9 /* AppDelegate.m in Sources */ = {isa = PBXBuildFile; fileRef = 828D0D571ABDAA96002BEFC9 /* AppDelegate.m */; };
		828D0D5E1ABDAA96002BEFC9 /* Main.storyboard in Resources */ = {isa = PBXBuildFile; fileRef = 828D0D5C1ABDAA96002BEFC9 /* Main.storyboard */; };
		828D0D601ABDAA96002BEFC9 /* Images.xcassets in Resources */ = {isa = PBXBuildFile; fileRef = 828D0D5F1ABDAA96002BEFC9 /* Images.xcassets */; };
		828D0D631ABDAA96002BEFC9 /* LaunchScreen.xib in Resources */ = {isa = PBXBuildFile; fileRef = 828D0D611ABDAA96002BEFC9 /* LaunchScreen.xib */; };
		828D0D6F1ABDAA96002BEFC9 /* SuperUnlockerTests.m in Sources */ = {isa = PBXBuildFile; fileRef = 828D0D6E1ABDAA96002BEFC9 /* SuperUnlockerTests.m */; };
		82A6AFF51AC5C8B700EC00C7 /* MacGuarderTests.m in Sources */ = {isa = PBXBuildFile; fileRef = 82A6AFF41AC5C8B700EC00C7 /* MacGuarderTests.m */; };
		82A6B0301AC5CAA500EC00C7 /* MainMenu.xib in Resources */ = {isa = PBXBuildFile; fileRef = 82A6B01B1AC5CAA500EC00C7 /* MainMenu.xib */; };
		82A6B0311AC5CAA500EC00C7 /* Credits.rtf in Resources */ = {isa = PBXBuildFile; fileRef = 82A6B01E1AC5CAA500EC00C7 /* Credits.rtf */; };
		82A6B0321AC5CAA500EC00C7 /* InfoPlist.strings in Resources */ = {isa = PBXBuildFile; fileRef = 82A6B0201AC5CAA500EC00C7 /* InfoPlist.strings */; };
		82A6B0331AC5CAA500EC00C7 /* MacGuarderHelper.m in Sources */ = {isa = PBXBuildFile; fileRef = 82A6B0241AC5CAA500EC00C7 /* MacGuarderHelper.m */; };
		82A6B0341AC5CAA500EC00C7 /* Images.xcassets in Resources */ = {isa = PBXBuildFile; fileRef = 82A6B0251AC5CAA500EC00C7 /* Images.xcassets */; };
		82A6B0351AC5CAA500EC00C7 /* AppDelegate.m in Sources */ = {isa = PBXBuildFile; fileRef = 82A6B0261AC5CAA500EC00C7 /* AppDelegate.m */; };
		82A6B03A1AC5CAA500EC00C7 /* RSSISmootheningFilter.m in Sources */ = {isa = PBXBuildFile; fileRef = 82A6B02B1AC5CAA500EC00C7 /* RSSISmootheningFilter.m */; };
		82A6B03B1AC5CAA500EC00C7 /* DevicesConfig.plist in Resources */ = {isa = PBXBuildFile; fileRef = 82A6B02D1AC5CAA500EC00C7 /* DevicesConfig.plist */; };
		82A6B03D1AC5CAA500EC00C7 /* UserInfo.plist in Resources */ = {isa = PBXBuildFile; fileRef = 82A6B02F1AC5CAA500EC00C7 /* UserInfo.plist */; };
		A143692D1AC8053D0032CE0B /* BluetoothMonitor.m in Sources */ = {isa = PBXBuildFile; fileRef = A143692C1AC8053D0032CE0B /* BluetoothMonitor.m */; };
		A1A3525A1AC6A23C002EC254 /* CoreBluetooth.framework in Frameworks */ = {isa = PBXBuildFile; fileRef = 8278342E1ABF1AEA006F5A63 /* CoreBluetooth.framework */; };
		A1A3525F1AC6BB42002EC254 /* CoreMotion.framework in Frameworks */ = {isa = PBXBuildFile; fileRef = A1A3525E1AC6BB42002EC254 /* CoreMotion.framework */; };
		A1A352631AC6BF59002EC254 /* MotionDetector.m in Sources */ = {isa = PBXBuildFile; fileRef = A1A352621AC6BF59002EC254 /* MotionDetector.m */; };
		A1A352651AC6C527002EC254 /* AVFoundation.framework in Frameworks */ = {isa = PBXBuildFile; fileRef = A1A352641AC6C527002EC254 /* AVFoundation.framework */; };
		A1A352681AC6C694002EC254 /* sound.caf in Resources */ = {isa = PBXBuildFile; fileRef = A1A352671AC6C694002EC254 /* sound.caf */; };
		A1A3526A1AC6C854002EC254 /* silence.caf in Resources */ = {isa = PBXBuildFile; fileRef = A1A352691AC6C854002EC254 /* silence.caf */; };
		A1F28E8C1AC6FB1300C6D876 /* Peripheral.m in Sources */ = {isa = PBXBuildFile; fileRef = A1F28E8B1AC6FB1300C6D876 /* Peripheral.m */; };
		A1F28E901AC6FBED00C6D876 /* CommonConstants.m in Sources */ = {isa = PBXBuildFile; fileRef = A1F28E8F1AC6FBED00C6D876 /* CommonConstants.m */; };
		A1F28E911AC6FBED00C6D876 /* CommonConstants.m in Sources */ = {isa = PBXBuildFile; fileRef = A1F28E8F1AC6FBED00C6D876 /* CommonConstants.m */; };
		B4D7A411854832CA4D1F5909 /* GuarderUserDefaults.m in Sources */ = {isa = PBXBuildFile; fileRef = B4D7AFD3EE98F65459E06284 /* GuarderUserDefaults.m */; };
		B4D7A905E0222A394B729A81 /* PeripheralViewController.m in Sources */ = {isa = PBXBuildFile; fileRef = B4D7A8E168309EB50E468AD7 /* PeripheralViewController.m */; };
		D43DD63B4F66465D737A34C8 /* libPods-SuperUnlocker.a in Frameworks */ = {isa = PBXBuildFile; fileRef = C20AD5BDD182614F757AC056 /* libPods-SuperUnlocker.a */; };
/* End PBXBuildFile section */

/* Begin PBXContainerItemProxy section */
		828D0D691ABDAA96002BEFC9 /* PBXContainerItemProxy */ = {
			isa = PBXContainerItemProxy;
			containerPortal = 828D0D471ABDAA96002BEFC9 /* Project object */;
			proxyType = 1;
			remoteGlobalIDString = 828D0D4E1ABDAA96002BEFC9;
			remoteInfo = SuperUnlocker;
		};
		82A6AFEF1AC5C8B700EC00C7 /* PBXContainerItemProxy */ = {
			isa = PBXContainerItemProxy;
			containerPortal = 828D0D471ABDAA96002BEFC9 /* Project object */;
			proxyType = 1;
			remoteGlobalIDString = 82A6AFD81AC5C8B700EC00C7;
			remoteInfo = MacGuarder;
		};
/* End PBXContainerItemProxy section */

/* Begin PBXCopyFilesBuildPhase section */
		8278342D1ABE8B9A006F5A63 /* Embed App Extensions */ = {
			isa = PBXCopyFilesBuildPhase;
			buildActionMask = 2147483647;
			dstPath = "";
			dstSubfolderSpec = 13;
			files = (
			);
			name = "Embed App Extensions";
			runOnlyForDeploymentPostprocessing = 0;
		};
/* End PBXCopyFilesBuildPhase section */

/* Begin PBXFileReference section */
		1B6A5553FDDEEE54C5803AAC /* libPods.a */ = {isa = PBXFileReference; explicitFileType = archive.ar; includeInIndex = 0; path = libPods.a; sourceTree = BUILT_PRODUCTS_DIR; };
		8215D0521AC6859800EE17D9 /* BluetoothListener.h */ = {isa = PBXFileReference; fileEncoding = 4; lastKnownFileType = sourcecode.c.h; path = BluetoothListener.h; sourceTree = "<group>"; };
		8215D0531AC6859800EE17D9 /* BluetoothListener.m */ = {isa = PBXFileReference; fileEncoding = 4; lastKnownFileType = sourcecode.c.objc; path = BluetoothListener.m; sourceTree = "<group>"; };
		8215D05B1AC68A4C00EE17D9 /* ListenerManager.h */ = {isa = PBXFileReference; fileEncoding = 4; lastKnownFileType = sourcecode.c.h; path = ListenerManager.h; sourceTree = "<group>"; };
		8215D05C1AC68A4C00EE17D9 /* ListenerManager.m */ = {isa = PBXFileReference; fileEncoding = 4; lastKnownFileType = sourcecode.c.objc; path = ListenerManager.m; sourceTree = "<group>"; };
		82167E711AC70C010000DFB0 /* IOBluetooth.framework */ = {isa = PBXFileReference; lastKnownFileType = wrapper.framework; name = IOBluetooth.framework; path = Platforms/MacOSX.platform/Developer/SDKs/MacOSX10.10.sdk/System/Library/Frameworks/IOBluetooth.framework; sourceTree = DEVELOPER_DIR; };
		82167E721AC70C010000DFB0 /* IOBluetoothUI.framework */ = {isa = PBXFileReference; lastKnownFileType = wrapper.framework; name = IOBluetoothUI.framework; path = Platforms/MacOSX.platform/Developer/SDKs/MacOSX10.10.sdk/System/Library/Frameworks/IOBluetoothUI.framework; sourceTree = DEVELOPER_DIR; };
		821E56A01AC5CCDD000515A5 /* SecurityInterface.framework */ = {isa = PBXFileReference; lastKnownFileType = wrapper.framework; name = SecurityInterface.framework; path = Platforms/MacOSX.platform/Developer/SDKs/MacOSX10.10.sdk/System/Library/Frameworks/SecurityInterface.framework; sourceTree = DEVELOPER_DIR; };
		821E56A21AC5CCE2000515A5 /* Cocoa.framework */ = {isa = PBXFileReference; lastKnownFileType = wrapper.framework; name = Cocoa.framework; path = Platforms/MacOSX.platform/Developer/SDKs/MacOSX10.10.sdk/System/Library/Frameworks/Cocoa.framework; sourceTree = DEVELOPER_DIR; };
		821E56AA1AC5F129000515A5 /* main.m */ = {isa = PBXFileReference; fileEncoding = 4; lastKnownFileType = sourcecode.c.objc; path = main.m; sourceTree = "<group>"; };
		8278342E1ABF1AEA006F5A63 /* CoreBluetooth.framework */ = {isa = PBXFileReference; lastKnownFileType = wrapper.framework; name = CoreBluetooth.framework; path = System/Library/Frameworks/CoreBluetooth.framework; sourceTree = SDKROOT; };
		828D0D4F1ABDAA96002BEFC9 /* SuperUnlocker.app */ = {isa = PBXFileReference; explicitFileType = wrapper.application; includeInIndex = 0; path = SuperUnlocker.app; sourceTree = BUILT_PRODUCTS_DIR; };
		828D0D531ABDAA96002BEFC9 /* Info.plist */ = {isa = PBXFileReference; lastKnownFileType = text.plist.xml; path = Info.plist; sourceTree = "<group>"; };
		828D0D541ABDAA96002BEFC9 /* main.m */ = {isa = PBXFileReference; lastKnownFileType = sourcecode.c.objc; path = main.m; sourceTree = "<group>"; };
		828D0D561ABDAA96002BEFC9 /* AppDelegate.h */ = {isa = PBXFileReference; lastKnownFileType = sourcecode.c.h; path = AppDelegate.h; sourceTree = "<group>"; };
		828D0D571ABDAA96002BEFC9 /* AppDelegate.m */ = {isa = PBXFileReference; lastKnownFileType = sourcecode.c.objc; path = AppDelegate.m; sourceTree = "<group>"; };
		828D0D5D1ABDAA96002BEFC9 /* Base */ = {isa = PBXFileReference; lastKnownFileType = file.storyboard; name = Base; path = Base.lproj/Main.storyboard; sourceTree = "<group>"; };
		828D0D5F1ABDAA96002BEFC9 /* Images.xcassets */ = {isa = PBXFileReference; lastKnownFileType = folder.assetcatalog; name = Images.xcassets; path = ../Images.xcassets; sourceTree = "<group>"; };
		828D0D621ABDAA96002BEFC9 /* Base */ = {isa = PBXFileReference; lastKnownFileType = file.xib; name = Base; path = Base.lproj/LaunchScreen.xib; sourceTree = "<group>"; };
		828D0D681ABDAA96002BEFC9 /* SuperUnlockerTests.xctest */ = {isa = PBXFileReference; explicitFileType = wrapper.cfbundle; includeInIndex = 0; path = SuperUnlockerTests.xctest; sourceTree = BUILT_PRODUCTS_DIR; };
		828D0D6D1ABDAA96002BEFC9 /* Info.plist */ = {isa = PBXFileReference; lastKnownFileType = text.plist.xml; path = Info.plist; sourceTree = "<group>"; };
		828D0D6E1ABDAA96002BEFC9 /* SuperUnlockerTests.m */ = {isa = PBXFileReference; lastKnownFileType = sourcecode.c.objc; path = SuperUnlockerTests.m; sourceTree = "<group>"; };
		82A6AFD91AC5C8B700EC00C7 /* MacGuarder.app */ = {isa = PBXFileReference; explicitFileType = wrapper.application; includeInIndex = 0; path = MacGuarder.app; sourceTree = BUILT_PRODUCTS_DIR; };
		82A6AFEE1AC5C8B700EC00C7 /* MacGuarderTests.xctest */ = {isa = PBXFileReference; explicitFileType = wrapper.cfbundle; includeInIndex = 0; path = MacGuarderTests.xctest; sourceTree = BUILT_PRODUCTS_DIR; };
		82A6AFF31AC5C8B700EC00C7 /* Info.plist */ = {isa = PBXFileReference; lastKnownFileType = text.plist.xml; path = Info.plist; sourceTree = "<group>"; };
		82A6AFF41AC5C8B700EC00C7 /* MacGuarderTests.m */ = {isa = PBXFileReference; lastKnownFileType = sourcecode.c.objc; path = MacGuarderTests.m; sourceTree = "<group>"; };
		82A6B0151AC5CAA500EC00C7 /* AppDelegate.h */ = {isa = PBXFileReference; fileEncoding = 4; lastKnownFileType = sourcecode.c.h; path = AppDelegate.h; sourceTree = "<group>"; };
		82A6B0191AC5CAA500EC00C7 /* RSSISmootheningFilter.h */ = {isa = PBXFileReference; fileEncoding = 4; lastKnownFileType = sourcecode.c.h; path = RSSISmootheningFilter.h; sourceTree = "<group>"; };
		82A6B01C1AC5CAA500EC00C7 /* Base */ = {isa = PBXFileReference; lastKnownFileType = file.xib; name = Base; path = MainMenu.xib; sourceTree = "<group>"; };
		82A6B01F1AC5CAA500EC00C7 /* en */ = {isa = PBXFileReference; lastKnownFileType = text.rtf; name = en; path = Credits.rtf; sourceTree = "<group>"; };
		82A6B0211AC5CAA500EC00C7 /* en */ = {isa = PBXFileReference; lastKnownFileType = text.plist.strings; name = en; path = InfoPlist.strings; sourceTree = "<group>"; };
		82A6B0231AC5CAA500EC00C7 /* MacGuarderHelper.h */ = {isa = PBXFileReference; fileEncoding = 4; lastKnownFileType = sourcecode.c.h; path = MacGuarderHelper.h; sourceTree = "<group>"; };
		82A6B0241AC5CAA500EC00C7 /* MacGuarderHelper.m */ = {isa = PBXFileReference; fileEncoding = 4; lastKnownFileType = sourcecode.c.objc; path = MacGuarderHelper.m; sourceTree = "<group>"; };
		82A6B0251AC5CAA500EC00C7 /* Images.xcassets */ = {isa = PBXFileReference; lastKnownFileType = folder.assetcatalog; path = Images.xcassets; sourceTree = "<group>"; };
		82A6B0261AC5CAA500EC00C7 /* AppDelegate.m */ = {isa = PBXFileReference; fileEncoding = 4; lastKnownFileType = sourcecode.c.objc; path = AppDelegate.m; sourceTree = "<group>"; };
		82A6B02B1AC5CAA500EC00C7 /* RSSISmootheningFilter.m */ = {isa = PBXFileReference; fileEncoding = 4; lastKnownFileType = sourcecode.c.objc; path = RSSISmootheningFilter.m; sourceTree = "<group>"; };
		82A6B02C1AC5CAA500EC00C7 /* MacGuarder-Prefix.pch */ = {isa = PBXFileReference; fileEncoding = 4; lastKnownFileType = sourcecode.c.h; path = "MacGuarder-Prefix.pch"; sourceTree = "<group>"; };
		82A6B02D1AC5CAA500EC00C7 /* DevicesConfig.plist */ = {isa = PBXFileReference; fileEncoding = 4; lastKnownFileType = text.plist.xml; path = DevicesConfig.plist; sourceTree = "<group>"; };
		82A6B02E1AC5CAA500EC00C7 /* Info.plist */ = {isa = PBXFileReference; fileEncoding = 4; lastKnownFileType = text.plist.xml; path = Info.plist; sourceTree = "<group>"; };
		82A6B02F1AC5CAA500EC00C7 /* UserInfo.plist */ = {isa = PBXFileReference; fileEncoding = 4; lastKnownFileType = text.plist.xml; path = UserInfo.plist; sourceTree = "<group>"; };
		9E70F8000F353E5CD6E724B8 /* Pods-SuperUnlocker.debug.xcconfig */ = {isa = PBXFileReference; includeInIndex = 1; lastKnownFileType = text.xcconfig; name = "Pods-SuperUnlocker.debug.xcconfig"; path = "Pods/Target Support Files/Pods-SuperUnlocker/Pods-SuperUnlocker.debug.xcconfig"; sourceTree = "<group>"; };
		A143692B1AC8053D0032CE0B /* BluetoothMonitor.h */ = {isa = PBXFileReference; fileEncoding = 4; lastKnownFileType = sourcecode.c.h; path = BluetoothMonitor.h; sourceTree = "<group>"; };
		A143692C1AC8053D0032CE0B /* BluetoothMonitor.m */ = {isa = PBXFileReference; fileEncoding = 4; lastKnownFileType = sourcecode.c.objc; path = BluetoothMonitor.m; sourceTree = "<group>"; };
		A1A3525E1AC6BB42002EC254 /* CoreMotion.framework */ = {isa = PBXFileReference; lastKnownFileType = wrapper.framework; name = CoreMotion.framework; path = System/Library/Frameworks/CoreMotion.framework; sourceTree = SDKROOT; };
		A1A352611AC6BF59002EC254 /* MotionDetector.h */ = {isa = PBXFileReference; fileEncoding = 4; lastKnownFileType = sourcecode.c.h; path = MotionDetector.h; sourceTree = "<group>"; };
		A1A352621AC6BF59002EC254 /* MotionDetector.m */ = {isa = PBXFileReference; fileEncoding = 4; lastKnownFileType = sourcecode.c.objc; path = MotionDetector.m; sourceTree = "<group>"; };
		A1A352641AC6C527002EC254 /* AVFoundation.framework */ = {isa = PBXFileReference; lastKnownFileType = wrapper.framework; name = AVFoundation.framework; path = System/Library/Frameworks/AVFoundation.framework; sourceTree = SDKROOT; };
		A1A352671AC6C694002EC254 /* sound.caf */ = {isa = PBXFileReference; lastKnownFileType = file; path = sound.caf; sourceTree = "<group>"; };
		A1A352691AC6C854002EC254 /* silence.caf */ = {isa = PBXFileReference; lastKnownFileType = file; path = silence.caf; sourceTree = "<group>"; };
		A1F28E8A1AC6FB1300C6D876 /* Peripheral.h */ = {isa = PBXFileReference; fileEncoding = 4; lastKnownFileType = sourcecode.c.h; path = Peripheral.h; sourceTree = "<group>"; };
		A1F28E8B1AC6FB1300C6D876 /* Peripheral.m */ = {isa = PBXFileReference; fileEncoding = 4; lastKnownFileType = sourcecode.c.objc; path = Peripheral.m; sourceTree = "<group>"; };
		A1F28E8E1AC6FBED00C6D876 /* CommonConstants.h */ = {isa = PBXFileReference; fileEncoding = 4; lastKnownFileType = sourcecode.c.h; path = CommonConstants.h; sourceTree = "<group>"; };
		A1F28E8F1AC6FBED00C6D876 /* CommonConstants.m */ = {isa = PBXFileReference; fileEncoding = 4; lastKnownFileType = sourcecode.c.objc; path = CommonConstants.m; sourceTree = "<group>"; };
		B4D7A8E168309EB50E468AD7 /* PeripheralViewController.m */ = {isa = PBXFileReference; fileEncoding = 4; lastKnownFileType = sourcecode.c.objc; path = PeripheralViewController.m; sourceTree = "<group>"; };
		B4D7ABDA58345C84CB1FC713 /* PeripheralViewController.h */ = {isa = PBXFileReference; fileEncoding = 4; lastKnownFileType = sourcecode.c.h; path = PeripheralViewController.h; sourceTree = "<group>"; };
		B4D7AF6CAD03CA12951AAE99 /* GuarderUserDefaults.h */ = {isa = PBXFileReference; fileEncoding = 4; lastKnownFileType = sourcecode.c.h; path = GuarderUserDefaults.h; sourceTree = "<group>"; };
		B4D7AFD3EE98F65459E06284 /* GuarderUserDefaults.m */ = {isa = PBXFileReference; fileEncoding = 4; lastKnownFileType = sourcecode.c.objc; path = GuarderUserDefaults.m; sourceTree = "<group>"; };
		C20AD5BDD182614F757AC056 /* libPods-SuperUnlocker.a */ = {isa = PBXFileReference; explicitFileType = archive.ar; includeInIndex = 0; path = "libPods-SuperUnlocker.a"; sourceTree = BUILT_PRODUCTS_DIR; };
		DD7FFDED5C0498624EA4BBA3 /* Pods-SuperUnlocker.release.xcconfig */ = {isa = PBXFileReference; includeInIndex = 1; lastKnownFileType = text.xcconfig; name = "Pods-SuperUnlocker.release.xcconfig"; path = "Pods/Target Support Files/Pods-SuperUnlocker/Pods-SuperUnlocker.release.xcconfig"; sourceTree = "<group>"; };
		E607686FE8C2FEB18428ADC8 /* Pods.debug.xcconfig */ = {isa = PBXFileReference; includeInIndex = 1; lastKnownFileType = text.xcconfig; name = Pods.debug.xcconfig; path = "Pods/Target Support Files/Pods/Pods.debug.xcconfig"; sourceTree = "<group>"; };
		EF65A6DF2460593F9584962F /* Pods.release.xcconfig */ = {isa = PBXFileReference; includeInIndex = 1; lastKnownFileType = text.xcconfig; name = Pods.release.xcconfig; path = "Pods/Target Support Files/Pods/Pods.release.xcconfig"; sourceTree = "<group>"; };
/* End PBXFileReference section */

/* Begin PBXFrameworksBuildPhase section */
		828D0D4C1ABDAA96002BEFC9 /* Frameworks */ = {
			isa = PBXFrameworksBuildPhase;
			buildActionMask = 2147483647;
			files = (
				A1A352651AC6C527002EC254 /* AVFoundation.framework in Frameworks */,
				A1A3525F1AC6BB42002EC254 /* CoreMotion.framework in Frameworks */,
				8278342F1ABF1AEA006F5A63 /* CoreBluetooth.framework in Frameworks */,
				D43DD63B4F66465D737A34C8 /* libPods-SuperUnlocker.a in Frameworks */,
			);
			runOnlyForDeploymentPostprocessing = 0;
		};
		828D0D651ABDAA96002BEFC9 /* Frameworks */ = {
			isa = PBXFrameworksBuildPhase;
			buildActionMask = 2147483647;
			files = (
			);
			runOnlyForDeploymentPostprocessing = 0;
		};
		82A6AFD61AC5C8B700EC00C7 /* Frameworks */ = {
			isa = PBXFrameworksBuildPhase;
			buildActionMask = 2147483647;
			files = (
				82167E731AC70C010000DFB0 /* IOBluetooth.framework in Frameworks */,
				82167E741AC70C010000DFB0 /* IOBluetoothUI.framework in Frameworks */,
				821E56A31AC5CCE2000515A5 /* Cocoa.framework in Frameworks */,
				821E56A11AC5CCDD000515A5 /* SecurityInterface.framework in Frameworks */,
				A1A3525A1AC6A23C002EC254 /* CoreBluetooth.framework in Frameworks */,
			);
			runOnlyForDeploymentPostprocessing = 0;
		};
		82A6AFEB1AC5C8B700EC00C7 /* Frameworks */ = {
			isa = PBXFrameworksBuildPhase;
			buildActionMask = 2147483647;
			files = (
			);
			runOnlyForDeploymentPostprocessing = 0;
		};
/* End PBXFrameworksBuildPhase section */

/* Begin PBXGroup section */
		105506A3A3B4734CB3BC6E68 /* Pods */ = {
			isa = PBXGroup;
			children = (
				E607686FE8C2FEB18428ADC8 /* Pods.debug.xcconfig */,
				EF65A6DF2460593F9584962F /* Pods.release.xcconfig */,
				9E70F8000F353E5CD6E724B8 /* Pods-SuperUnlocker.debug.xcconfig */,
				DD7FFDED5C0498624EA4BBA3 /* Pods-SuperUnlocker.release.xcconfig */,
			);
			name = Pods;
			sourceTree = "<group>";
		};
		1ACA95C07774A9D38332359C /* Frameworks */ = {
			isa = PBXGroup;
			children = (
				82167E711AC70C010000DFB0 /* IOBluetooth.framework */,
				82167E721AC70C010000DFB0 /* IOBluetoothUI.framework */,
				A1A352641AC6C527002EC254 /* AVFoundation.framework */,
				A1A3525E1AC6BB42002EC254 /* CoreMotion.framework */,
				8278342E1ABF1AEA006F5A63 /* CoreBluetooth.framework */,
				821E56A21AC5CCE2000515A5 /* Cocoa.framework */,
				821E56A01AC5CCDD000515A5 /* SecurityInterface.framework */,
				1B6A5553FDDEEE54C5803AAC /* libPods.a */,
				C20AD5BDD182614F757AC056 /* libPods-SuperUnlocker.a */,
			);
			name = Frameworks;
			sourceTree = "<group>";
		};
		8215D0511AC6859800EE17D9 /* Listeners */ = {
			isa = PBXGroup;
			children = (
				8215D05B1AC68A4C00EE17D9 /* ListenerManager.h */,
				8215D05C1AC68A4C00EE17D9 /* ListenerManager.m */,
				8215D0521AC6859800EE17D9 /* BluetoothListener.h */,
				8215D0531AC6859800EE17D9 /* BluetoothListener.m */,
			);
			path = Listeners;
			sourceTree = "<group>";
		};
		8215D05E1AC68AF900EE17D9 /* UserDefaults */ = {
			isa = PBXGroup;
			children = (
				B4D7AF6CAD03CA12951AAE99 /* GuarderUserDefaults.h */,
				B4D7AFD3EE98F65459E06284 /* GuarderUserDefaults.m */,
			);
			path = UserDefaults;
			sourceTree = "<group>";
		};
		828D0D461ABDAA96002BEFC9 = {
			isa = PBXGroup;
			children = (
				A1F28E8D1AC6FBC600C6D876 /* Common */,
				828D0D511ABDAA96002BEFC9 /* SuperUnlocker */,
				828D0D6B1ABDAA96002BEFC9 /* SuperUnlockerTests */,
				82A6AFDA1AC5C8B700EC00C7 /* MacGuarder */,
				82A6AFF11AC5C8B700EC00C7 /* MacGuarderTests */,
				828D0D501ABDAA96002BEFC9 /* Products */,
				105506A3A3B4734CB3BC6E68 /* Pods */,
				1ACA95C07774A9D38332359C /* Frameworks */,
			);
			sourceTree = "<group>";
		};
		828D0D501ABDAA96002BEFC9 /* Products */ = {
			isa = PBXGroup;
			children = (
				828D0D4F1ABDAA96002BEFC9 /* SuperUnlocker.app */,
				828D0D681ABDAA96002BEFC9 /* SuperUnlockerTests.xctest */,
				82A6AFD91AC5C8B700EC00C7 /* MacGuarder.app */,
				82A6AFEE1AC5C8B700EC00C7 /* MacGuarderTests.xctest */,
			);
			name = Products;
			sourceTree = "<group>";
		};
		828D0D511ABDAA96002BEFC9 /* SuperUnlocker */ = {
			isa = PBXGroup;
			children = (
				A1A352601AC6BF3B002EC254 /* Inputs */,
				828D0D561ABDAA96002BEFC9 /* AppDelegate.h */,
				828D0D571ABDAA96002BEFC9 /* AppDelegate.m */,
				B4D7ABDA58345C84CB1FC713 /* PeripheralViewController.h */,
				B4D7A8E168309EB50E468AD7 /* PeripheralViewController.m */,
				A1F28E8A1AC6FB1300C6D876 /* Peripheral.h */,
				A1F28E8B1AC6FB1300C6D876 /* Peripheral.m */,
				828D0D611ABDAA96002BEFC9 /* LaunchScreen.xib */,
				828D0D5C1ABDAA96002BEFC9 /* Main.storyboard */,
				A1A352661AC6C694002EC254 /* Resources */,
				828D0D521ABDAA96002BEFC9 /* Supporting Files */,
				A143692B1AC8053D0032CE0B /* BluetoothMonitor.h */,
				A143692C1AC8053D0032CE0B /* BluetoothMonitor.m */,
			);
			path = SuperUnlocker;
			sourceTree = "<group>";
		};
		828D0D521ABDAA96002BEFC9 /* Supporting Files */ = {
			isa = PBXGroup;
			children = (
				828D0D531ABDAA96002BEFC9 /* Info.plist */,
				828D0D541ABDAA96002BEFC9 /* main.m */,
			);
			name = "Supporting Files";
			sourceTree = "<group>";
		};
		828D0D6B1ABDAA96002BEFC9 /* SuperUnlockerTests */ = {
			isa = PBXGroup;
			children = (
				828D0D6E1ABDAA96002BEFC9 /* SuperUnlockerTests.m */,
				828D0D6C1ABDAA96002BEFC9 /* Supporting Files */,
			);
			path = SuperUnlockerTests;
			sourceTree = "<group>";
		};
		828D0D6C1ABDAA96002BEFC9 /* Supporting Files */ = {
			isa = PBXGroup;
			children = (
				828D0D6D1ABDAA96002BEFC9 /* Info.plist */,
			);
			name = "Supporting Files";
			sourceTree = "<group>";
		};
		82A6AFDA1AC5C8B700EC00C7 /* MacGuarder */ = {
			isa = PBXGroup;
			children = (
				82A6B0151AC5CAA500EC00C7 /* AppDelegate.h */,
				82A6B0261AC5CAA500EC00C7 /* AppDelegate.m */,
				82A6B01A1AC5CAA500EC00C7 /* Base.lproj */,
				82A6B02D1AC5CAA500EC00C7 /* DevicesConfig.plist */,
				82A6B01D1AC5CAA500EC00C7 /* en.lproj */,
				82A6B0221AC5CAA500EC00C7 /* Helper */,
				82A6B0251AC5CAA500EC00C7 /* Images.xcassets */,
				8215D0511AC6859800EE17D9 /* Listeners */,
				82A6B0191AC5CAA500EC00C7 /* RSSISmootheningFilter.h */,
				82A6B02B1AC5CAA500EC00C7 /* RSSISmootheningFilter.m */,
				82A6AFDB1AC5C8B700EC00C7 /* Supporting Files */,
				8215D05E1AC68AF900EE17D9 /* UserDefaults */,
				82A6B02F1AC5CAA500EC00C7 /* UserInfo.plist */,
			);
			path = MacGuarder;
			sourceTree = "<group>";
		};
		82A6AFDB1AC5C8B700EC00C7 /* Supporting Files */ = {
			isa = PBXGroup;
			children = (
				82A6B02C1AC5CAA500EC00C7 /* MacGuarder-Prefix.pch */,
				82A6B02E1AC5CAA500EC00C7 /* Info.plist */,
				821E56AA1AC5F129000515A5 /* main.m */,
			);
			name = "Supporting Files";
			sourceTree = "<group>";
		};
		82A6AFF11AC5C8B700EC00C7 /* MacGuarderTests */ = {
			isa = PBXGroup;
			children = (
				82A6AFF41AC5C8B700EC00C7 /* MacGuarderTests.m */,
				82A6AFF21AC5C8B700EC00C7 /* Supporting Files */,
			);
			path = MacGuarderTests;
			sourceTree = "<group>";
		};
		82A6AFF21AC5C8B700EC00C7 /* Supporting Files */ = {
			isa = PBXGroup;
			children = (
				82A6AFF31AC5C8B700EC00C7 /* Info.plist */,
			);
			name = "Supporting Files";
			sourceTree = "<group>";
		};
		82A6B01A1AC5CAA500EC00C7 /* Base.lproj */ = {
			isa = PBXGroup;
			children = (
				82A6B01B1AC5CAA500EC00C7 /* MainMenu.xib */,
			);
			path = Base.lproj;
			sourceTree = "<group>";
		};
		82A6B01D1AC5CAA500EC00C7 /* en.lproj */ = {
			isa = PBXGroup;
			children = (
				82A6B01E1AC5CAA500EC00C7 /* Credits.rtf */,
				82A6B0201AC5CAA500EC00C7 /* InfoPlist.strings */,
			);
			path = en.lproj;
			sourceTree = "<group>";
		};
		82A6B0221AC5CAA500EC00C7 /* Helper */ = {
			isa = PBXGroup;
			children = (
				82A6B0231AC5CAA500EC00C7 /* MacGuarderHelper.h */,
				82A6B0241AC5CAA500EC00C7 /* MacGuarderHelper.m */,
			);
			path = Helper;
			sourceTree = "<group>";
		};
		A1A352601AC6BF3B002EC254 /* Inputs */ = {
			isa = PBXGroup;
			children = (
				A1A352611AC6BF59002EC254 /* MotionDetector.h */,
				A1A352621AC6BF59002EC254 /* MotionDetector.m */,
			);
			path = Inputs;
			sourceTree = "<group>";
		};
		A1A352661AC6C694002EC254 /* Resources */ = {
			isa = PBXGroup;
			children = (
				828D0D5F1ABDAA96002BEFC9 /* Images.xcassets */,
				A1A352691AC6C854002EC254 /* silence.caf */,
				A1A352671AC6C694002EC254 /* sound.caf */,
			);
			path = Resources;
			sourceTree = "<group>";
		};
		A1F28E8D1AC6FBC600C6D876 /* Common */ = {
			isa = PBXGroup;
			children = (
				A1F28E8E1AC6FBED00C6D876 /* CommonConstants.h */,
				A1F28E8F1AC6FBED00C6D876 /* CommonConstants.m */,
			);
			path = Common;
			sourceTree = "<group>";
		};
/* End PBXGroup section */

/* Begin PBXNativeTarget section */
		828D0D4E1ABDAA96002BEFC9 /* SuperUnlocker */ = {
			isa = PBXNativeTarget;
			buildConfigurationList = 828D0D721ABDAA96002BEFC9 /* Build configuration list for PBXNativeTarget "SuperUnlocker" */;
			buildPhases = (
				ABC1F4736FD86F2147EBF20F /* Check Pods Manifest.lock */,
				828D0D4B1ABDAA96002BEFC9 /* Sources */,
				828D0D4C1ABDAA96002BEFC9 /* Frameworks */,
				828D0D4D1ABDAA96002BEFC9 /* Resources */,
				8278342D1ABE8B9A006F5A63 /* Embed App Extensions */,
				9D57DA59D562CD9338A76C25 /* Copy Pods Resources */,
			);
			buildRules = (
			);
			dependencies = (
			);
			name = SuperUnlocker;
			productName = SuperUnlocker;
			productReference = 828D0D4F1ABDAA96002BEFC9 /* SuperUnlocker.app */;
			productType = "com.apple.product-type.application";
		};
		828D0D671ABDAA96002BEFC9 /* SuperUnlockerTests */ = {
			isa = PBXNativeTarget;
			buildConfigurationList = 828D0D751ABDAA96002BEFC9 /* Build configuration list for PBXNativeTarget "SuperUnlockerTests" */;
			buildPhases = (
				828D0D641ABDAA96002BEFC9 /* Sources */,
				828D0D651ABDAA96002BEFC9 /* Frameworks */,
				828D0D661ABDAA96002BEFC9 /* Resources */,
			);
			buildRules = (
			);
			dependencies = (
				828D0D6A1ABDAA96002BEFC9 /* PBXTargetDependency */,
			);
			name = SuperUnlockerTests;
			productName = SuperUnlockerTests;
			productReference = 828D0D681ABDAA96002BEFC9 /* SuperUnlockerTests.xctest */;
			productType = "com.apple.product-type.bundle.unit-test";
		};
		82A6AFD81AC5C8B700EC00C7 /* MacGuarder */ = {
			isa = PBXNativeTarget;
			buildConfigurationList = 82A6AFF61AC5C8B700EC00C7 /* Build configuration list for PBXNativeTarget "MacGuarder" */;
			buildPhases = (
				82A6AFD51AC5C8B700EC00C7 /* Sources */,
				82A6AFD61AC5C8B700EC00C7 /* Frameworks */,
				82A6AFD71AC5C8B700EC00C7 /* Resources */,
			);
			buildRules = (
			);
			dependencies = (
			);
			name = MacGuarder;
			productName = MacGuarder;
			productReference = 82A6AFD91AC5C8B700EC00C7 /* MacGuarder.app */;
			productType = "com.apple.product-type.application";
		};
		82A6AFED1AC5C8B700EC00C7 /* MacGuarderTests */ = {
			isa = PBXNativeTarget;
			buildConfigurationList = 82A6AFF91AC5C8B700EC00C7 /* Build configuration list for PBXNativeTarget "MacGuarderTests" */;
			buildPhases = (
				82A6AFEA1AC5C8B700EC00C7 /* Sources */,
				82A6AFEB1AC5C8B700EC00C7 /* Frameworks */,
				82A6AFEC1AC5C8B700EC00C7 /* Resources */,
			);
			buildRules = (
			);
			dependencies = (
				82A6AFF01AC5C8B700EC00C7 /* PBXTargetDependency */,
			);
			name = MacGuarderTests;
			productName = MacGuarderTests;
			productReference = 82A6AFEE1AC5C8B700EC00C7 /* MacGuarderTests.xctest */;
			productType = "com.apple.product-type.bundle.unit-test";
		};
/* End PBXNativeTarget section */

/* Begin PBXProject section */
		828D0D471ABDAA96002BEFC9 /* Project object */ = {
			isa = PBXProject;
			attributes = {
				LastUpgradeCheck = 0620;
				ORGANIZATIONNAME = ProductDevBy;
				TargetAttributes = {
					828D0D4E1ABDAA96002BEFC9 = {
						CreatedOnToolsVersion = 6.2;
						DevelopmentTeam = HAA7HHCXKP;
						SystemCapabilities = {
							com.apple.BackgroundModes = {
								enabled = 1;
							};
						};
					};
					828D0D671ABDAA96002BEFC9 = {
						CreatedOnToolsVersion = 6.2;
						TestTargetID = 828D0D4E1ABDAA96002BEFC9;
					};
					82A6AFD81AC5C8B700EC00C7 = {
						CreatedOnToolsVersion = 6.2;
						DevelopmentTeam = HAA7HHCXKP;
					};
					82A6AFED1AC5C8B700EC00C7 = {
						CreatedOnToolsVersion = 6.2;
						TestTargetID = 82A6AFD81AC5C8B700EC00C7;
					};
				};
			};
			buildConfigurationList = 828D0D4A1ABDAA96002BEFC9 /* Build configuration list for PBXProject "SuperUnlocker" */;
			compatibilityVersion = "Xcode 3.2";
			developmentRegion = English;
			hasScannedForEncodings = 0;
			knownRegions = (
				en,
				Base,
			);
			mainGroup = 828D0D461ABDAA96002BEFC9;
			productRefGroup = 828D0D501ABDAA96002BEFC9 /* Products */;
			projectDirPath = "";
			projectRoot = "";
			targets = (
				828D0D4E1ABDAA96002BEFC9 /* SuperUnlocker */,
				828D0D671ABDAA96002BEFC9 /* SuperUnlockerTests */,
				82A6AFD81AC5C8B700EC00C7 /* MacGuarder */,
				82A6AFED1AC5C8B700EC00C7 /* MacGuarderTests */,
			);
		};
/* End PBXProject section */

/* Begin PBXResourcesBuildPhase section */
		828D0D4D1ABDAA96002BEFC9 /* Resources */ = {
			isa = PBXResourcesBuildPhase;
			buildActionMask = 2147483647;
			files = (
				828D0D5E1ABDAA96002BEFC9 /* Main.storyboard in Resources */,
				828D0D631ABDAA96002BEFC9 /* LaunchScreen.xib in Resources */,
				A1A352681AC6C694002EC254 /* sound.caf in Resources */,
				828D0D601ABDAA96002BEFC9 /* Images.xcassets in Resources */,
				A1A3526A1AC6C854002EC254 /* silence.caf in Resources */,
			);
			runOnlyForDeploymentPostprocessing = 0;
		};
		828D0D661ABDAA96002BEFC9 /* Resources */ = {
			isa = PBXResourcesBuildPhase;
			buildActionMask = 2147483647;
			files = (
			);
			runOnlyForDeploymentPostprocessing = 0;
		};
		82A6AFD71AC5C8B700EC00C7 /* Resources */ = {
			isa = PBXResourcesBuildPhase;
			buildActionMask = 2147483647;
			files = (
				82A6B03B1AC5CAA500EC00C7 /* DevicesConfig.plist in Resources */,
				82A6B0301AC5CAA500EC00C7 /* MainMenu.xib in Resources */,
				82A6B0341AC5CAA500EC00C7 /* Images.xcassets in Resources */,
				82A6B0321AC5CAA500EC00C7 /* InfoPlist.strings in Resources */,
				82A6B03D1AC5CAA500EC00C7 /* UserInfo.plist in Resources */,
				82A6B0311AC5CAA500EC00C7 /* Credits.rtf in Resources */,
			);
			runOnlyForDeploymentPostprocessing = 0;
		};
		82A6AFEC1AC5C8B700EC00C7 /* Resources */ = {
			isa = PBXResourcesBuildPhase;
			buildActionMask = 2147483647;
			files = (
			);
			runOnlyForDeploymentPostprocessing = 0;
		};
/* End PBXResourcesBuildPhase section */

/* Begin PBXShellScriptBuildPhase section */
		9D57DA59D562CD9338A76C25 /* Copy Pods Resources */ = {
			isa = PBXShellScriptBuildPhase;
			buildActionMask = 2147483647;
			files = (
			);
			inputPaths = (
			);
			name = "Copy Pods Resources";
			outputPaths = (
			);
			runOnlyForDeploymentPostprocessing = 0;
			shellPath = /bin/sh;
			shellScript = "\"${SRCROOT}/Pods/Target Support Files/Pods-SuperUnlocker/Pods-SuperUnlocker-resources.sh\"\n";
			showEnvVarsInLog = 0;
		};
		ABC1F4736FD86F2147EBF20F /* Check Pods Manifest.lock */ = {
			isa = PBXShellScriptBuildPhase;
			buildActionMask = 2147483647;
			files = (
			);
			inputPaths = (
			);
			name = "Check Pods Manifest.lock";
			outputPaths = (
			);
			runOnlyForDeploymentPostprocessing = 0;
			shellPath = /bin/sh;
			shellScript = "diff \"${PODS_ROOT}/../Podfile.lock\" \"${PODS_ROOT}/Manifest.lock\" > /dev/null\nif [[ $? != 0 ]] ; then\n    cat << EOM\nerror: The sandbox is not in sync with the Podfile.lock. Run 'pod install' or update your CocoaPods installation.\nEOM\n    exit 1\nfi\n";
			showEnvVarsInLog = 0;
		};
/* End PBXShellScriptBuildPhase section */

/* Begin PBXSourcesBuildPhase section */
		828D0D4B1ABDAA96002BEFC9 /* Sources */ = {
			isa = PBXSourcesBuildPhase;
			buildActionMask = 2147483647;
			files = (
				A1A352631AC6BF59002EC254 /* MotionDetector.m in Sources */,
				A1F28E901AC6FBED00C6D876 /* CommonConstants.m in Sources */,
				828D0D581ABDAA96002BEFC9 /* AppDelegate.m in Sources */,
				A1F28E8C1AC6FB1300C6D876 /* Peripheral.m in Sources */,
				828D0D551ABDAA96002BEFC9 /* main.m in Sources */,
				A143692D1AC8053D0032CE0B /* BluetoothMonitor.m in Sources */,
				B4D7A905E0222A394B729A81 /* PeripheralViewController.m in Sources */,
			);
			runOnlyForDeploymentPostprocessing = 0;
		};
		828D0D641ABDAA96002BEFC9 /* Sources */ = {
			isa = PBXSourcesBuildPhase;
			buildActionMask = 2147483647;
			files = (
				828D0D6F1ABDAA96002BEFC9 /* SuperUnlockerTests.m in Sources */,
			);
			runOnlyForDeploymentPostprocessing = 0;
		};
		82A6AFD51AC5C8B700EC00C7 /* Sources */ = {
			isa = PBXSourcesBuildPhase;
			buildActionMask = 2147483647;
			files = (
				82A6B0331AC5CAA500EC00C7 /* MacGuarderHelper.m in Sources */,
				8215D0541AC6859800EE17D9 /* BluetoothListener.m in Sources */,
				A1F28E911AC6FBED00C6D876 /* CommonConstants.m in Sources */,
				82A6B03A1AC5CAA500EC00C7 /* RSSISmootheningFilter.m in Sources */,
				8215D05D1AC68A4C00EE17D9 /* ListenerManager.m in Sources */,
				821E56AB1AC5F129000515A5 /* main.m in Sources */,
				82A6B0351AC5CAA500EC00C7 /* AppDelegate.m in Sources */,
				B4D7A411854832CA4D1F5909 /* GuarderUserDefaults.m in Sources */,
			);
			runOnlyForDeploymentPostprocessing = 0;
		};
		82A6AFEA1AC5C8B700EC00C7 /* Sources */ = {
			isa = PBXSourcesBuildPhase;
			buildActionMask = 2147483647;
			files = (
				82A6AFF51AC5C8B700EC00C7 /* MacGuarderTests.m in Sources */,
			);
			runOnlyForDeploymentPostprocessing = 0;
		};
/* End PBXSourcesBuildPhase section */

/* Begin PBXTargetDependency section */
		828D0D6A1ABDAA96002BEFC9 /* PBXTargetDependency */ = {
			isa = PBXTargetDependency;
			target = 828D0D4E1ABDAA96002BEFC9 /* SuperUnlocker */;
			targetProxy = 828D0D691ABDAA96002BEFC9 /* PBXContainerItemProxy */;
		};
		82A6AFF01AC5C8B700EC00C7 /* PBXTargetDependency */ = {
			isa = PBXTargetDependency;
			target = 82A6AFD81AC5C8B700EC00C7 /* MacGuarder */;
			targetProxy = 82A6AFEF1AC5C8B700EC00C7 /* PBXContainerItemProxy */;
		};
/* End PBXTargetDependency section */

/* Begin PBXVariantGroup section */
		828D0D5C1ABDAA96002BEFC9 /* Main.storyboard */ = {
			isa = PBXVariantGroup;
			children = (
				828D0D5D1ABDAA96002BEFC9 /* Base */,
			);
			name = Main.storyboard;
			sourceTree = "<group>";
		};
		828D0D611ABDAA96002BEFC9 /* LaunchScreen.xib */ = {
			isa = PBXVariantGroup;
			children = (
				828D0D621ABDAA96002BEFC9 /* Base */,
			);
			name = LaunchScreen.xib;
			sourceTree = "<group>";
		};
		82A6B01B1AC5CAA500EC00C7 /* MainMenu.xib */ = {
			isa = PBXVariantGroup;
			children = (
				82A6B01C1AC5CAA500EC00C7 /* Base */,
			);
			name = MainMenu.xib;
			sourceTree = "<group>";
		};
		82A6B01E1AC5CAA500EC00C7 /* Credits.rtf */ = {
			isa = PBXVariantGroup;
			children = (
				82A6B01F1AC5CAA500EC00C7 /* en */,
			);
			name = Credits.rtf;
			sourceTree = "<group>";
		};
		82A6B0201AC5CAA500EC00C7 /* InfoPlist.strings */ = {
			isa = PBXVariantGroup;
			children = (
				82A6B0211AC5CAA500EC00C7 /* en */,
			);
			name = InfoPlist.strings;
			sourceTree = "<group>";
		};
/* End PBXVariantGroup section */

/* Begin XCBuildConfiguration section */
		828D0D701ABDAA96002BEFC9 /* Debug */ = {
			isa = XCBuildConfiguration;
			buildSettings = {
				ALWAYS_SEARCH_USER_PATHS = NO;
				CLANG_CXX_LANGUAGE_STANDARD = "gnu++0x";
				CLANG_CXX_LIBRARY = "libc++";
				CLANG_ENABLE_MODULES = YES;
				CLANG_ENABLE_OBJC_ARC = YES;
				CLANG_WARN_BOOL_CONVERSION = YES;
				CLANG_WARN_CONSTANT_CONVERSION = YES;
				CLANG_WARN_DIRECT_OBJC_ISA_USAGE = YES_ERROR;
				CLANG_WARN_EMPTY_BODY = YES;
				CLANG_WARN_ENUM_CONVERSION = YES;
				CLANG_WARN_INT_CONVERSION = YES;
				CLANG_WARN_OBJC_ROOT_CLASS = YES_ERROR;
				CLANG_WARN_UNREACHABLE_CODE = YES;
				CLANG_WARN__DUPLICATE_METHOD_MATCH = YES;
				CODE_SIGN_IDENTITY = "iPhone Developer";
				"CODE_SIGN_IDENTITY[sdk=iphoneos*]" = "iPhone Developer";
				COPY_PHASE_STRIP = NO;
				ENABLE_STRICT_OBJC_MSGSEND = YES;
				GCC_C_LANGUAGE_STANDARD = gnu99;
				GCC_DYNAMIC_NO_PIC = NO;
				GCC_OPTIMIZATION_LEVEL = 0;
				GCC_PREPROCESSOR_DEFINITIONS = (
					"DEBUG=1",
					"$(inherited)",
				);
				GCC_SYMBOLS_PRIVATE_EXTERN = NO;
				GCC_WARN_64_TO_32_BIT_CONVERSION = YES;
				GCC_WARN_ABOUT_RETURN_TYPE = YES_ERROR;
				GCC_WARN_UNDECLARED_SELECTOR = YES;
				GCC_WARN_UNINITIALIZED_AUTOS = YES_AGGRESSIVE;
				GCC_WARN_UNUSED_FUNCTION = YES;
				GCC_WARN_UNUSED_VARIABLE = YES;
				IPHONEOS_DEPLOYMENT_TARGET = 8.2;
				MTL_ENABLE_DEBUG_INFO = YES;
				ONLY_ACTIVE_ARCH = YES;
				SDKROOT = iphoneos;
			};
			name = Debug;
		};
		828D0D711ABDAA96002BEFC9 /* Release */ = {
			isa = XCBuildConfiguration;
			buildSettings = {
				ALWAYS_SEARCH_USER_PATHS = NO;
				CLANG_CXX_LANGUAGE_STANDARD = "gnu++0x";
				CLANG_CXX_LIBRARY = "libc++";
				CLANG_ENABLE_MODULES = YES;
				CLANG_ENABLE_OBJC_ARC = YES;
				CLANG_WARN_BOOL_CONVERSION = YES;
				CLANG_WARN_CONSTANT_CONVERSION = YES;
				CLANG_WARN_DIRECT_OBJC_ISA_USAGE = YES_ERROR;
				CLANG_WARN_EMPTY_BODY = YES;
				CLANG_WARN_ENUM_CONVERSION = YES;
				CLANG_WARN_INT_CONVERSION = YES;
				CLANG_WARN_OBJC_ROOT_CLASS = YES_ERROR;
				CLANG_WARN_UNREACHABLE_CODE = YES;
				CLANG_WARN__DUPLICATE_METHOD_MATCH = YES;
				CODE_SIGN_IDENTITY = "iPhone Developer";
				"CODE_SIGN_IDENTITY[sdk=iphoneos*]" = "iPhone Developer";
				COPY_PHASE_STRIP = NO;
				ENABLE_NS_ASSERTIONS = NO;
				ENABLE_STRICT_OBJC_MSGSEND = YES;
				GCC_C_LANGUAGE_STANDARD = gnu99;
				GCC_WARN_64_TO_32_BIT_CONVERSION = YES;
				GCC_WARN_ABOUT_RETURN_TYPE = YES_ERROR;
				GCC_WARN_UNDECLARED_SELECTOR = YES;
				GCC_WARN_UNINITIALIZED_AUTOS = YES_AGGRESSIVE;
				GCC_WARN_UNUSED_FUNCTION = YES;
				GCC_WARN_UNUSED_VARIABLE = YES;
				IPHONEOS_DEPLOYMENT_TARGET = 8.2;
				MTL_ENABLE_DEBUG_INFO = NO;
				SDKROOT = iphoneos;
				VALIDATE_PRODUCT = YES;
			};
			name = Release;
		};
		828D0D731ABDAA96002BEFC9 /* Debug */ = {
			isa = XCBuildConfiguration;
			baseConfigurationReference = 9E70F8000F353E5CD6E724B8 /* Pods-SuperUnlocker.debug.xcconfig */;
			buildSettings = {
				ASSETCATALOG_COMPILER_APPICON_NAME = AppIcon;
				CODE_SIGN_IDENTITY = "iPhone Developer";
				"CODE_SIGN_IDENTITY[sdk=iphoneos*]" = "iPhone Developer";
				INFOPLIST_FILE = SuperUnlocker/Info.plist;
				LD_RUNPATH_SEARCH_PATHS = "$(inherited) @executable_path/Frameworks";
				LIBRARY_SEARCH_PATHS = (
					"$(inherited)",
					"$(PROJECT_DIR)/DerivedData/Build/Products/Debug",
				);
				PRODUCT_NAME = "$(TARGET_NAME)";
				PROVISIONING_PROFILE = "";
			};
			name = Debug;
		};
		828D0D741ABDAA96002BEFC9 /* Release */ = {
			isa = XCBuildConfiguration;
			baseConfigurationReference = DD7FFDED5C0498624EA4BBA3 /* Pods-SuperUnlocker.release.xcconfig */;
			buildSettings = {
				ASSETCATALOG_COMPILER_APPICON_NAME = AppIcon;
				CODE_SIGN_IDENTITY = "iPhone Developer";
				"CODE_SIGN_IDENTITY[sdk=iphoneos*]" = "iPhone Developer";
				INFOPLIST_FILE = SuperUnlocker/Info.plist;
				LD_RUNPATH_SEARCH_PATHS = "$(inherited) @executable_path/Frameworks";
				LIBRARY_SEARCH_PATHS = (
					"$(inherited)",
					"$(PROJECT_DIR)/DerivedData/Build/Products/Debug",
				);
				PRODUCT_NAME = "$(TARGET_NAME)";
				PROVISIONING_PROFILE = "";
			};
			name = Release;
		};
		828D0D761ABDAA96002BEFC9 /* Debug */ = {
			isa = XCBuildConfiguration;
			buildSettings = {
				BUNDLE_LOADER = "$(TEST_HOST)";
				FRAMEWORK_SEARCH_PATHS = (
					"$(SDKROOT)/Developer/Library/Frameworks",
					"$(inherited)",
				);
				GCC_PREPROCESSOR_DEFINITIONS = (
					"DEBUG=1",
					"$(inherited)",
				);
				INFOPLIST_FILE = SuperUnlockerTests/Info.plist;
				LD_RUNPATH_SEARCH_PATHS = "$(inherited) @executable_path/Frameworks @loader_path/Frameworks";
				PRODUCT_NAME = "$(TARGET_NAME)";
				TEST_HOST = "$(BUILT_PRODUCTS_DIR)/SuperUnlocker.app/SuperUnlocker";
			};
			name = Debug;
		};
		828D0D771ABDAA96002BEFC9 /* Release */ = {
			isa = XCBuildConfiguration;
			buildSettings = {
				BUNDLE_LOADER = "$(TEST_HOST)";
				FRAMEWORK_SEARCH_PATHS = (
					"$(SDKROOT)/Developer/Library/Frameworks",
					"$(inherited)",
				);
				INFOPLIST_FILE = SuperUnlockerTests/Info.plist;
				LD_RUNPATH_SEARCH_PATHS = "$(inherited) @executable_path/Frameworks @loader_path/Frameworks";
				PRODUCT_NAME = "$(TARGET_NAME)";
				TEST_HOST = "$(BUILT_PRODUCTS_DIR)/SuperUnlocker.app/SuperUnlocker";
			};
			name = Release;
		};
		82A6AFF71AC5C8B700EC00C7 /* Debug */ = {
			isa = XCBuildConfiguration;
			buildSettings = {
				ASSETCATALOG_COMPILER_APPICON_NAME = AppIcon;
				CODE_SIGN_IDENTITY = "";
				COMBINE_HIDPI_IMAGES = YES;
				GCC_PREPROCESSOR_DEFINITIONS = (
					"DEBUG=1",
					"$(inherited)",
				);
				INFOPLIST_FILE = MacGuarder/Info.plist;
				LD_RUNPATH_SEARCH_PATHS = "$(inherited) @executable_path/../Frameworks";
				LIBRARY_SEARCH_PATHS = (
					"$(inherited)",
					"$(PROJECT_DIR)/build/Debug",
					"$(PROJECT_DIR)/DerivedData/Build/Products/Debug",
				);
				MACOSX_DEPLOYMENT_TARGET = 10.10;
				PRODUCT_NAME = "$(TARGET_NAME)";
				SDKROOT = macosx;
			};
			name = Debug;
		};
		82A6AFF81AC5C8B700EC00C7 /* Release */ = {
			isa = XCBuildConfiguration;
			buildSettings = {
				ASSETCATALOG_COMPILER_APPICON_NAME = AppIcon;
				CODE_SIGN_IDENTITY = "";
				COMBINE_HIDPI_IMAGES = YES;
				DEBUG_INFORMATION_FORMAT = "dwarf-with-dsym";
				INFOPLIST_FILE = MacGuarder/Info.plist;
				LD_RUNPATH_SEARCH_PATHS = "$(inherited) @executable_path/../Frameworks";
				LIBRARY_SEARCH_PATHS = (
					"$(inherited)",
					"$(PROJECT_DIR)/build/Debug",
					"$(PROJECT_DIR)/DerivedData/Build/Products/Debug",
				);
				MACOSX_DEPLOYMENT_TARGET = 10.10;
				PRODUCT_NAME = "$(TARGET_NAME)";
				SDKROOT = macosx;
			};
			name = Release;
		};
		82A6AFFA1AC5C8B700EC00C7 /* Debug */ = {
			isa = XCBuildConfiguration;
			buildSettings = {
				BUNDLE_LOADER = "$(TEST_HOST)";
				CODE_SIGN_IDENTITY = "";
				COMBINE_HIDPI_IMAGES = YES;
				FRAMEWORK_SEARCH_PATHS = (
					"$(DEVELOPER_FRAMEWORKS_DIR)",
					"$(inherited)",
				);
				GCC_PREPROCESSOR_DEFINITIONS = (
					"DEBUG=1",
					"$(inherited)",
				);
				INFOPLIST_FILE = MacGuarderTests/Info.plist;
				LD_RUNPATH_SEARCH_PATHS = "$(inherited) @executable_path/../Frameworks @loader_path/../Frameworks";
				MACOSX_DEPLOYMENT_TARGET = 10.10;
				PRODUCT_NAME = "$(TARGET_NAME)";
				SDKROOT = macosx;
				TEST_HOST = "$(BUILT_PRODUCTS_DIR)/MacGuarder.app/Contents/MacOS/MacGuarder";
			};
			name = Debug;
		};
		82A6AFFB1AC5C8B700EC00C7 /* Release */ = {
			isa = XCBuildConfiguration;
			buildSettings = {
				BUNDLE_LOADER = "$(TEST_HOST)";
				CODE_SIGN_IDENTITY = "";
				COMBINE_HIDPI_IMAGES = YES;
				DEBUG_INFORMATION_FORMAT = "dwarf-with-dsym";
				FRAMEWORK_SEARCH_PATHS = (
					"$(DEVELOPER_FRAMEWORKS_DIR)",
					"$(inherited)",
				);
				INFOPLIST_FILE = MacGuarderTests/Info.plist;
				LD_RUNPATH_SEARCH_PATHS = "$(inherited) @executable_path/../Frameworks @loader_path/../Frameworks";
				MACOSX_DEPLOYMENT_TARGET = 10.10;
				PRODUCT_NAME = "$(TARGET_NAME)";
				SDKROOT = macosx;
				TEST_HOST = "$(BUILT_PRODUCTS_DIR)/MacGuarder.app/Contents/MacOS/MacGuarder";
			};
			name = Release;
		};
/* End XCBuildConfiguration section */

/* Begin XCConfigurationList section */
		828D0D4A1ABDAA96002BEFC9 /* Build configuration list for PBXProject "SuperUnlocker" */ = {
			isa = XCConfigurationList;
			buildConfigurations = (
				828D0D701ABDAA96002BEFC9 /* Debug */,
				828D0D711ABDAA96002BEFC9 /* Release */,
			);
			defaultConfigurationIsVisible = 0;
			defaultConfigurationName = Debug;
		};
		828D0D721ABDAA96002BEFC9 /* Build configuration list for PBXNativeTarget "SuperUnlocker" */ = {
			isa = XCConfigurationList;
			buildConfigurations = (
				828D0D731ABDAA96002BEFC9 /* Debug */,
				828D0D741ABDAA96002BEFC9 /* Release */,
			);
			defaultConfigurationIsVisible = 0;
			defaultConfigurationName = Debug;
		};
		828D0D751ABDAA96002BEFC9 /* Build configuration list for PBXNativeTarget "SuperUnlockerTests" */ = {
			isa = XCConfigurationList;
			buildConfigurations = (
				828D0D761ABDAA96002BEFC9 /* Debug */,
				828D0D771ABDAA96002BEFC9 /* Release */,
			);
			defaultConfigurationIsVisible = 0;
			defaultConfigurationName = Debug;
		};
		82A6AFF61AC5C8B700EC00C7 /* Build configuration list for PBXNativeTarget "MacGuarder" */ = {
			isa = XCConfigurationList;
			buildConfigurations = (
				82A6AFF71AC5C8B700EC00C7 /* Debug */,
				82A6AFF81AC5C8B700EC00C7 /* Release */,
			);
			defaultConfigurationIsVisible = 0;
			defaultConfigurationName = Debug;
		};
		82A6AFF91AC5C8B700EC00C7 /* Build configuration list for PBXNativeTarget "MacGuarderTests" */ = {
			isa = XCConfigurationList;
			buildConfigurations = (
				82A6AFFA1AC5C8B700EC00C7 /* Debug */,
				82A6AFFB1AC5C8B700EC00C7 /* Release */,
			);
			defaultConfigurationIsVisible = 0;
			defaultConfigurationName = Debug;
		};
/* End XCConfigurationList section */
	};
	rootObject = 828D0D471ABDAA96002BEFC9 /* Project object */;
}
