<?xml version="1.0" encoding="UTF-8"?>
<!DOCTYPE plist PUBLIC "-//Apple//DTD PLIST 1.0//EN" "http://www.apple.com/DTDs/PropertyList-1.0.dtd">
<plist version="1.0">
<dict>
	<key>archiveVersion</key>
	<string>1</string>
	<key>classes</key>
	<dict/>
	<key>objectVersion</key>
	<string>46</string>
	<key>objects</key>
	<dict>
		<key>105506A3A3B4734CB3BC6E68</key>
		<dict>
			<key>children</key>
			<array>
				<string>E607686FE8C2FEB18428ADC8</string>
				<string>EF65A6DF2460593F9584962F</string>
				<string>9E70F8000F353E5CD6E724B8</string>
				<string>DD7FFDED5C0498624EA4BBA3</string>
			</array>
			<key>isa</key>
			<string>PBXGroup</string>
			<key>name</key>
			<string>Pods</string>
			<key>sourceTree</key>
			<string>&lt;group&gt;</string>
		</dict>
		<key>1ACA95C07774A9D38332359C</key>
		<dict>
			<key>children</key>
			<array>
				<string>A1A352641AC6C527002EC254</string>
				<string>A1A3525E1AC6BB42002EC254</string>
				<string>8278342E1ABF1AEA006F5A63</string>
				<string>821E56A21AC5CCE2000515A5</string>
				<string>821E56A01AC5CCDD000515A5</string>
				<string>1B6A5553FDDEEE54C5803AAC</string>
				<string>C20AD5BDD182614F757AC056</string>
			</array>
			<key>isa</key>
			<string>PBXGroup</string>
			<key>name</key>
			<string>Frameworks</string>
			<key>sourceTree</key>
			<string>&lt;group&gt;</string>
		</dict>
		<key>1B6A5553FDDEEE54C5803AAC</key>
		<dict>
			<key>explicitFileType</key>
			<string>archive.ar</string>
			<key>includeInIndex</key>
			<string>0</string>
			<key>isa</key>
			<string>PBXFileReference</string>
			<key>path</key>
			<string>libPods.a</string>
			<key>sourceTree</key>
			<string>BUILT_PRODUCTS_DIR</string>
		</dict>
		<key>8215D0511AC6859800EE17D9</key>
		<dict>
			<key>children</key>
			<array>
				<string>8215D05B1AC68A4C00EE17D9</string>
				<string>8215D05C1AC68A4C00EE17D9</string>
				<string>8215D0521AC6859800EE17D9</string>
				<string>8215D0531AC6859800EE17D9</string>
			</array>
			<key>isa</key>
			<string>PBXGroup</string>
			<key>path</key>
			<string>Listeners</string>
			<key>sourceTree</key>
			<string>&lt;group&gt;</string>
		</dict>
		<key>8215D0521AC6859800EE17D9</key>
		<dict>
			<key>fileEncoding</key>
			<string>4</string>
			<key>isa</key>
			<string>PBXFileReference</string>
			<key>lastKnownFileType</key>
			<string>sourcecode.c.h</string>
			<key>path</key>
			<string>BluetoothListener.h</string>
			<key>sourceTree</key>
			<string>&lt;group&gt;</string>
		</dict>
		<key>8215D0531AC6859800EE17D9</key>
		<dict>
			<key>fileEncoding</key>
			<string>4</string>
			<key>isa</key>
			<string>PBXFileReference</string>
			<key>lastKnownFileType</key>
			<string>sourcecode.c.objc</string>
			<key>path</key>
			<string>BluetoothListener.m</string>
			<key>sourceTree</key>
			<string>&lt;group&gt;</string>
		</dict>
		<key>8215D0541AC6859800EE17D9</key>
		<dict>
			<key>fileRef</key>
			<string>8215D0531AC6859800EE17D9</string>
			<key>isa</key>
			<string>PBXBuildFile</string>
		</dict>
		<key>8215D05B1AC68A4C00EE17D9</key>
		<dict>
			<key>fileEncoding</key>
			<string>4</string>
			<key>isa</key>
			<string>PBXFileReference</string>
			<key>lastKnownFileType</key>
			<string>sourcecode.c.h</string>
			<key>path</key>
			<string>ListenerManager.h</string>
			<key>sourceTree</key>
			<string>&lt;group&gt;</string>
		</dict>
		<key>8215D05C1AC68A4C00EE17D9</key>
		<dict>
			<key>fileEncoding</key>
			<string>4</string>
			<key>isa</key>
			<string>PBXFileReference</string>
			<key>lastKnownFileType</key>
			<string>sourcecode.c.objc</string>
			<key>path</key>
			<string>ListenerManager.m</string>
			<key>sourceTree</key>
			<string>&lt;group&gt;</string>
		</dict>
		<key>8215D05D1AC68A4C00EE17D9</key>
		<dict>
			<key>fileRef</key>
			<string>8215D05C1AC68A4C00EE17D9</string>
			<key>isa</key>
			<string>PBXBuildFile</string>
		</dict>
		<key>8215D05E1AC68AF900EE17D9</key>
		<dict>
			<key>children</key>
			<array>
				<string>B4D7AF6CAD03CA12951AAE99</string>
				<string>B4D7AFD3EE98F65459E06284</string>
			</array>
			<key>isa</key>
			<string>PBXGroup</string>
			<key>path</key>
			<string>UserDefaults</string>
			<key>sourceTree</key>
			<string>&lt;group&gt;</string>
		</dict>
		<key>821E56A01AC5CCDD000515A5</key>
		<dict>
			<key>isa</key>
			<string>PBXFileReference</string>
			<key>lastKnownFileType</key>
			<string>wrapper.framework</string>
			<key>name</key>
			<string>SecurityInterface.framework</string>
			<key>path</key>
			<string>Platforms/MacOSX.platform/Developer/SDKs/MacOSX10.10.sdk/System/Library/Frameworks/SecurityInterface.framework</string>
			<key>sourceTree</key>
			<string>DEVELOPER_DIR</string>
		</dict>
		<key>821E56A11AC5CCDD000515A5</key>
		<dict>
			<key>fileRef</key>
			<string>821E56A01AC5CCDD000515A5</string>
			<key>isa</key>
			<string>PBXBuildFile</string>
		</dict>
		<key>821E56A21AC5CCE2000515A5</key>
		<dict>
			<key>isa</key>
			<string>PBXFileReference</string>
			<key>lastKnownFileType</key>
			<string>wrapper.framework</string>
			<key>name</key>
			<string>Cocoa.framework</string>
			<key>path</key>
			<string>Platforms/MacOSX.platform/Developer/SDKs/MacOSX10.10.sdk/System/Library/Frameworks/Cocoa.framework</string>
			<key>sourceTree</key>
			<string>DEVELOPER_DIR</string>
		</dict>
		<key>821E56A31AC5CCE2000515A5</key>
		<dict>
			<key>fileRef</key>
			<string>821E56A21AC5CCE2000515A5</string>
			<key>isa</key>
			<string>PBXBuildFile</string>
		</dict>
		<key>821E56AA1AC5F129000515A5</key>
		<dict>
			<key>fileEncoding</key>
			<string>4</string>
			<key>isa</key>
			<string>PBXFileReference</string>
			<key>lastKnownFileType</key>
			<string>sourcecode.c.objc</string>
			<key>path</key>
			<string>main.m</string>
			<key>sourceTree</key>
			<string>&lt;group&gt;</string>
		</dict>
		<key>821E56AB1AC5F129000515A5</key>
		<dict>
			<key>fileRef</key>
			<string>821E56AA1AC5F129000515A5</string>
			<key>isa</key>
			<string>PBXBuildFile</string>
		</dict>
		<key>8278342D1ABE8B9A006F5A63</key>
		<dict>
			<key>buildActionMask</key>
			<string>2147483647</string>
			<key>dstPath</key>
			<string></string>
			<key>dstSubfolderSpec</key>
			<string>13</string>
			<key>files</key>
			<array/>
			<key>isa</key>
			<string>PBXCopyFilesBuildPhase</string>
			<key>name</key>
			<string>Embed App Extensions</string>
			<key>runOnlyForDeploymentPostprocessing</key>
			<string>0</string>
		</dict>
		<key>8278342E1ABF1AEA006F5A63</key>
		<dict>
			<key>isa</key>
			<string>PBXFileReference</string>
			<key>lastKnownFileType</key>
			<string>wrapper.framework</string>
			<key>name</key>
			<string>CoreBluetooth.framework</string>
			<key>path</key>
			<string>System/Library/Frameworks/CoreBluetooth.framework</string>
			<key>sourceTree</key>
			<string>SDKROOT</string>
		</dict>
		<key>8278342F1ABF1AEA006F5A63</key>
		<dict>
			<key>fileRef</key>
			<string>8278342E1ABF1AEA006F5A63</string>
			<key>isa</key>
			<string>PBXBuildFile</string>
		</dict>
		<key>828D0D461ABDAA96002BEFC9</key>
		<dict>
			<key>children</key>
			<array>
				<string>828D0D511ABDAA96002BEFC9</string>
				<string>828D0D6B1ABDAA96002BEFC9</string>
				<string>82A6AFDA1AC5C8B700EC00C7</string>
				<string>82A6AFF11AC5C8B700EC00C7</string>
				<string>828D0D501ABDAA96002BEFC9</string>
				<string>105506A3A3B4734CB3BC6E68</string>
				<string>1ACA95C07774A9D38332359C</string>
			</array>
			<key>isa</key>
			<string>PBXGroup</string>
			<key>sourceTree</key>
			<string>&lt;group&gt;</string>
		</dict>
		<key>828D0D471ABDAA96002BEFC9</key>
		<dict>
			<key>attributes</key>
			<dict>
				<key>LastUpgradeCheck</key>
				<string>0620</string>
				<key>ORGANIZATIONNAME</key>
				<string>ProductDevBy</string>
				<key>TargetAttributes</key>
				<dict>
					<key>828D0D4E1ABDAA96002BEFC9</key>
					<dict>
						<key>CreatedOnToolsVersion</key>
						<string>6.2</string>
						<key>DevelopmentTeam</key>
						<string>HAA7HHCXKP</string>
						<key>SystemCapabilities</key>
						<dict>
							<key>com.apple.BackgroundModes</key>
							<dict>
								<key>enabled</key>
								<string>1</string>
							</dict>
						</dict>
					</dict>
					<key>828D0D671ABDAA96002BEFC9</key>
					<dict>
						<key>CreatedOnToolsVersion</key>
						<string>6.2</string>
						<key>TestTargetID</key>
						<string>828D0D4E1ABDAA96002BEFC9</string>
					</dict>
					<key>82A6AFD81AC5C8B700EC00C7</key>
					<dict>
						<key>CreatedOnToolsVersion</key>
						<string>6.2</string>
						<key>DevelopmentTeam</key>
						<string>HAA7HHCXKP</string>
					</dict>
					<key>82A6AFED1AC5C8B700EC00C7</key>
					<dict>
						<key>CreatedOnToolsVersion</key>
						<string>6.2</string>
						<key>TestTargetID</key>
						<string>82A6AFD81AC5C8B700EC00C7</string>
					</dict>
				</dict>
			</dict>
			<key>buildConfigurationList</key>
			<string>828D0D4A1ABDAA96002BEFC9</string>
			<key>compatibilityVersion</key>
			<string>Xcode 3.2</string>
			<key>developmentRegion</key>
			<string>English</string>
			<key>hasScannedForEncodings</key>
			<string>0</string>
			<key>isa</key>
			<string>PBXProject</string>
			<key>knownRegions</key>
			<array>
				<string>en</string>
				<string>Base</string>
			</array>
			<key>mainGroup</key>
			<string>828D0D461ABDAA96002BEFC9</string>
			<key>productRefGroup</key>
			<string>828D0D501ABDAA96002BEFC9</string>
			<key>projectDirPath</key>
			<string></string>
			<key>projectReferences</key>
			<array/>
			<key>projectRoot</key>
			<string></string>
			<key>targets</key>
			<array>
				<string>828D0D4E1ABDAA96002BEFC9</string>
				<string>828D0D671ABDAA96002BEFC9</string>
				<string>82A6AFD81AC5C8B700EC00C7</string>
				<string>82A6AFED1AC5C8B700EC00C7</string>
			</array>
		</dict>
		<key>828D0D4A1ABDAA96002BEFC9</key>
		<dict>
			<key>buildConfigurations</key>
			<array>
				<string>828D0D701ABDAA96002BEFC9</string>
				<string>828D0D711ABDAA96002BEFC9</string>
			</array>
			<key>defaultConfigurationIsVisible</key>
			<string>0</string>
			<key>defaultConfigurationName</key>
			<string>Debug</string>
			<key>isa</key>
			<string>XCConfigurationList</string>
		</dict>
		<key>828D0D4B1ABDAA96002BEFC9</key>
		<dict>
			<key>buildActionMask</key>
			<string>2147483647</string>
			<key>files</key>
			<array>
				<string>A1A352631AC6BF59002EC254</string>
				<string>828D0D5B1ABDAA96002BEFC9</string>
				<string>828D0D581ABDAA96002BEFC9</string>
				<string>828D0D551ABDAA96002BEFC9</string>
				<string>828D0D7C1ABDAE4F002BEFC9</string>
				<string>B4D7A905E0222A394B729A81</string>
			</array>
			<key>isa</key>
			<string>PBXSourcesBuildPhase</string>
			<key>runOnlyForDeploymentPostprocessing</key>
			<string>0</string>
		</dict>
		<key>828D0D4C1ABDAA96002BEFC9</key>
		<dict>
			<key>buildActionMask</key>
			<string>2147483647</string>
			<key>files</key>
			<array>
				<string>A1A352651AC6C527002EC254</string>
				<string>A1A3525F1AC6BB42002EC254</string>
				<string>8278342F1ABF1AEA006F5A63</string>
				<string>D43DD63B4F66465D737A34C8</string>
			</array>
			<key>isa</key>
			<string>PBXFrameworksBuildPhase</string>
			<key>runOnlyForDeploymentPostprocessing</key>
			<string>0</string>
		</dict>
		<key>828D0D4D1ABDAA96002BEFC9</key>
		<dict>
			<key>buildActionMask</key>
			<string>2147483647</string>
			<key>files</key>
			<array>
				<string>828D0D5E1ABDAA96002BEFC9</string>
				<string>828D0D631ABDAA96002BEFC9</string>
				<string>A1A352681AC6C694002EC254</string>
				<string>828D0D601ABDAA96002BEFC9</string>
				<string>A1A3526A1AC6C854002EC254</string>
			</array>
			<key>isa</key>
			<string>PBXResourcesBuildPhase</string>
			<key>runOnlyForDeploymentPostprocessing</key>
			<string>0</string>
		</dict>
		<key>828D0D4E1ABDAA96002BEFC9</key>
		<dict>
			<key>buildConfigurationList</key>
			<string>828D0D721ABDAA96002BEFC9</string>
			<key>buildPhases</key>
			<array>
				<string>ABC1F4736FD86F2147EBF20F</string>
				<string>828D0D4B1ABDAA96002BEFC9</string>
				<string>828D0D4C1ABDAA96002BEFC9</string>
				<string>828D0D4D1ABDAA96002BEFC9</string>
				<string>8278342D1ABE8B9A006F5A63</string>
				<string>9D57DA59D562CD9338A76C25</string>
			</array>
			<key>buildRules</key>
			<array/>
			<key>dependencies</key>
			<array/>
			<key>isa</key>
			<string>PBXNativeTarget</string>
			<key>name</key>
			<string>SuperUnlocker</string>
			<key>productName</key>
			<string>SuperUnlocker</string>
			<key>productReference</key>
			<string>828D0D4F1ABDAA96002BEFC9</string>
			<key>productType</key>
			<string>com.apple.product-type.application</string>
		</dict>
		<key>828D0D4F1ABDAA96002BEFC9</key>
		<dict>
			<key>explicitFileType</key>
			<string>wrapper.application</string>
			<key>includeInIndex</key>
			<string>0</string>
			<key>isa</key>
			<string>PBXFileReference</string>
			<key>path</key>
			<string>SuperUnlocker.app</string>
			<key>sourceTree</key>
			<string>BUILT_PRODUCTS_DIR</string>
		</dict>
		<key>828D0D501ABDAA96002BEFC9</key>
		<dict>
			<key>children</key>
			<array>
				<string>828D0D4F1ABDAA96002BEFC9</string>
				<string>828D0D681ABDAA96002BEFC9</string>
				<string>82A6AFD91AC5C8B700EC00C7</string>
				<string>82A6AFEE1AC5C8B700EC00C7</string>
			</array>
			<key>isa</key>
			<string>PBXGroup</string>
			<key>name</key>
			<string>Products</string>
			<key>sourceTree</key>
			<string>&lt;group&gt;</string>
		</dict>
		<key>828D0D511ABDAA96002BEFC9</key>
		<dict>
			<key>children</key>
			<array>
				<string>A1A352661AC6C694002EC254</string>
				<string>A1A352601AC6BF3B002EC254</string>
				<string>828D0D561ABDAA96002BEFC9</string>
				<string>828D0D571ABDAA96002BEFC9</string>
				<string>828D0D591ABDAA96002BEFC9</string>
				<string>828D0D5A1ABDAA96002BEFC9</string>
				<string>828D0D5C1ABDAA96002BEFC9</string>
				<string>828D0D5F1ABDAA96002BEFC9</string>
				<string>828D0D611ABDAA96002BEFC9</string>
				<string>828D0D521ABDAA96002BEFC9</string>
				<string>828D0D7A1ABDAE4F002BEFC9</string>
				<string>828D0D7B1ABDAE4F002BEFC9</string>
				<string>B4D7A8E168309EB50E468AD7</string>
				<string>B4D7ABDA58345C84CB1FC713</string>
			</array>
			<key>isa</key>
			<string>PBXGroup</string>
			<key>path</key>
			<string>SuperUnlocker</string>
			<key>sourceTree</key>
			<string>&lt;group&gt;</string>
		</dict>
		<key>828D0D521ABDAA96002BEFC9</key>
		<dict>
			<key>children</key>
			<array>
				<string>828D0D531ABDAA96002BEFC9</string>
				<string>828D0D541ABDAA96002BEFC9</string>
			</array>
			<key>isa</key>
			<string>PBXGroup</string>
			<key>name</key>
			<string>Supporting Files</string>
			<key>sourceTree</key>
			<string>&lt;group&gt;</string>
		</dict>
		<key>828D0D531ABDAA96002BEFC9</key>
		<dict>
			<key>isa</key>
			<string>PBXFileReference</string>
			<key>lastKnownFileType</key>
			<string>text.plist.xml</string>
			<key>path</key>
			<string>Info.plist</string>
			<key>sourceTree</key>
			<string>&lt;group&gt;</string>
		</dict>
		<key>828D0D541ABDAA96002BEFC9</key>
		<dict>
			<key>isa</key>
			<string>PBXFileReference</string>
			<key>lastKnownFileType</key>
			<string>sourcecode.c.objc</string>
			<key>path</key>
			<string>main.m</string>
			<key>sourceTree</key>
			<string>&lt;group&gt;</string>
		</dict>
		<key>828D0D551ABDAA96002BEFC9</key>
		<dict>
			<key>fileRef</key>
			<string>828D0D541ABDAA96002BEFC9</string>
			<key>isa</key>
			<string>PBXBuildFile</string>
		</dict>
		<key>828D0D561ABDAA96002BEFC9</key>
		<dict>
			<key>isa</key>
			<string>PBXFileReference</string>
			<key>lastKnownFileType</key>
			<string>sourcecode.c.h</string>
			<key>path</key>
			<string>AppDelegate.h</string>
			<key>sourceTree</key>
			<string>&lt;group&gt;</string>
		</dict>
		<key>828D0D571ABDAA96002BEFC9</key>
		<dict>
			<key>isa</key>
			<string>PBXFileReference</string>
			<key>lastKnownFileType</key>
			<string>sourcecode.c.objc</string>
			<key>path</key>
			<string>AppDelegate.m</string>
			<key>sourceTree</key>
			<string>&lt;group&gt;</string>
		</dict>
		<key>828D0D581ABDAA96002BEFC9</key>
		<dict>
			<key>fileRef</key>
			<string>828D0D571ABDAA96002BEFC9</string>
			<key>isa</key>
			<string>PBXBuildFile</string>
		</dict>
		<key>828D0D591ABDAA96002BEFC9</key>
		<dict>
			<key>isa</key>
			<string>PBXFileReference</string>
			<key>lastKnownFileType</key>
			<string>sourcecode.c.h</string>
			<key>path</key>
			<string>ViewController.h</string>
			<key>sourceTree</key>
			<string>&lt;group&gt;</string>
		</dict>
		<key>828D0D5A1ABDAA96002BEFC9</key>
		<dict>
			<key>isa</key>
			<string>PBXFileReference</string>
			<key>lastKnownFileType</key>
			<string>sourcecode.c.objc</string>
			<key>path</key>
			<string>ViewController.m</string>
			<key>sourceTree</key>
			<string>&lt;group&gt;</string>
		</dict>
		<key>828D0D5B1ABDAA96002BEFC9</key>
		<dict>
			<key>fileRef</key>
			<string>828D0D5A1ABDAA96002BEFC9</string>
			<key>isa</key>
			<string>PBXBuildFile</string>
		</dict>
		<key>828D0D5C1ABDAA96002BEFC9</key>
		<dict>
			<key>children</key>
			<array>
				<string>828D0D5D1ABDAA96002BEFC9</string>
			</array>
			<key>isa</key>
			<string>PBXVariantGroup</string>
			<key>name</key>
			<string>Main.storyboard</string>
			<key>sourceTree</key>
			<string>&lt;group&gt;</string>
		</dict>
		<key>828D0D5D1ABDAA96002BEFC9</key>
		<dict>
			<key>isa</key>
			<string>PBXFileReference</string>
			<key>lastKnownFileType</key>
			<string>file.storyboard</string>
			<key>name</key>
			<string>Base</string>
			<key>path</key>
			<string>Base.lproj/Main.storyboard</string>
			<key>sourceTree</key>
			<string>&lt;group&gt;</string>
		</dict>
		<key>828D0D5E1ABDAA96002BEFC9</key>
		<dict>
			<key>fileRef</key>
			<string>828D0D5C1ABDAA96002BEFC9</string>
			<key>isa</key>
			<string>PBXBuildFile</string>
		</dict>
		<key>828D0D5F1ABDAA96002BEFC9</key>
		<dict>
			<key>isa</key>
			<string>PBXFileReference</string>
			<key>lastKnownFileType</key>
			<string>folder.assetcatalog</string>
			<key>path</key>
			<string>Images.xcassets</string>
			<key>sourceTree</key>
			<string>&lt;group&gt;</string>
		</dict>
		<key>828D0D601ABDAA96002BEFC9</key>
		<dict>
			<key>fileRef</key>
			<string>828D0D5F1ABDAA96002BEFC9</string>
			<key>isa</key>
			<string>PBXBuildFile</string>
		</dict>
		<key>828D0D611ABDAA96002BEFC9</key>
		<dict>
			<key>children</key>
			<array>
				<string>828D0D621ABDAA96002BEFC9</string>
			</array>
			<key>isa</key>
			<string>PBXVariantGroup</string>
			<key>name</key>
			<string>LaunchScreen.xib</string>
			<key>sourceTree</key>
			<string>&lt;group&gt;</string>
		</dict>
		<key>828D0D621ABDAA96002BEFC9</key>
		<dict>
			<key>isa</key>
			<string>PBXFileReference</string>
			<key>lastKnownFileType</key>
			<string>file.xib</string>
			<key>name</key>
			<string>Base</string>
			<key>path</key>
			<string>Base.lproj/LaunchScreen.xib</string>
			<key>sourceTree</key>
			<string>&lt;group&gt;</string>
		</dict>
		<key>828D0D631ABDAA96002BEFC9</key>
		<dict>
			<key>fileRef</key>
			<string>828D0D611ABDAA96002BEFC9</string>
			<key>isa</key>
			<string>PBXBuildFile</string>
		</dict>
		<key>828D0D641ABDAA96002BEFC9</key>
		<dict>
			<key>buildActionMask</key>
			<string>2147483647</string>
			<key>files</key>
			<array>
				<string>828D0D6F1ABDAA96002BEFC9</string>
			</array>
			<key>isa</key>
			<string>PBXSourcesBuildPhase</string>
			<key>runOnlyForDeploymentPostprocessing</key>
			<string>0</string>
		</dict>
		<key>828D0D651ABDAA96002BEFC9</key>
		<dict>
			<key>buildActionMask</key>
			<string>2147483647</string>
			<key>files</key>
			<array/>
			<key>isa</key>
			<string>PBXFrameworksBuildPhase</string>
			<key>runOnlyForDeploymentPostprocessing</key>
			<string>0</string>
		</dict>
		<key>828D0D661ABDAA96002BEFC9</key>
		<dict>
			<key>buildActionMask</key>
			<string>2147483647</string>
			<key>files</key>
			<array/>
			<key>isa</key>
			<string>PBXResourcesBuildPhase</string>
			<key>runOnlyForDeploymentPostprocessing</key>
			<string>0</string>
		</dict>
		<key>828D0D671ABDAA96002BEFC9</key>
		<dict>
			<key>buildConfigurationList</key>
			<string>828D0D751ABDAA96002BEFC9</string>
			<key>buildPhases</key>
			<array>
				<string>828D0D641ABDAA96002BEFC9</string>
				<string>828D0D651ABDAA96002BEFC9</string>
				<string>828D0D661ABDAA96002BEFC9</string>
			</array>
			<key>buildRules</key>
			<array/>
			<key>dependencies</key>
			<array>
				<string>828D0D6A1ABDAA96002BEFC9</string>
			</array>
			<key>isa</key>
			<string>PBXNativeTarget</string>
			<key>name</key>
			<string>SuperUnlockerTests</string>
			<key>productName</key>
			<string>SuperUnlockerTests</string>
			<key>productReference</key>
			<string>828D0D681ABDAA96002BEFC9</string>
			<key>productType</key>
			<string>com.apple.product-type.bundle.unit-test</string>
		</dict>
		<key>828D0D681ABDAA96002BEFC9</key>
		<dict>
			<key>explicitFileType</key>
			<string>wrapper.cfbundle</string>
			<key>includeInIndex</key>
			<string>0</string>
			<key>isa</key>
			<string>PBXFileReference</string>
			<key>path</key>
			<string>SuperUnlockerTests.xctest</string>
			<key>sourceTree</key>
			<string>BUILT_PRODUCTS_DIR</string>
		</dict>
		<key>828D0D691ABDAA96002BEFC9</key>
		<dict>
			<key>containerPortal</key>
			<string>828D0D471ABDAA96002BEFC9</string>
			<key>isa</key>
			<string>PBXContainerItemProxy</string>
			<key>proxyType</key>
			<string>1</string>
			<key>remoteGlobalIDString</key>
			<string>828D0D4E1ABDAA96002BEFC9</string>
			<key>remoteInfo</key>
			<string>SuperUnlocker</string>
		</dict>
		<key>828D0D6A1ABDAA96002BEFC9</key>
		<dict>
			<key>isa</key>
			<string>PBXTargetDependency</string>
			<key>target</key>
			<string>828D0D4E1ABDAA96002BEFC9</string>
			<key>targetProxy</key>
			<string>828D0D691ABDAA96002BEFC9</string>
		</dict>
		<key>828D0D6B1ABDAA96002BEFC9</key>
		<dict>
			<key>children</key>
			<array>
				<string>828D0D6E1ABDAA96002BEFC9</string>
				<string>828D0D6C1ABDAA96002BEFC9</string>
			</array>
			<key>isa</key>
			<string>PBXGroup</string>
			<key>path</key>
			<string>SuperUnlockerTests</string>
			<key>sourceTree</key>
			<string>&lt;group&gt;</string>
		</dict>
		<key>828D0D6C1ABDAA96002BEFC9</key>
		<dict>
			<key>children</key>
			<array>
				<string>828D0D6D1ABDAA96002BEFC9</string>
			</array>
			<key>isa</key>
			<string>PBXGroup</string>
			<key>name</key>
			<string>Supporting Files</string>
			<key>sourceTree</key>
			<string>&lt;group&gt;</string>
		</dict>
		<key>828D0D6D1ABDAA96002BEFC9</key>
		<dict>
			<key>isa</key>
			<string>PBXFileReference</string>
			<key>lastKnownFileType</key>
			<string>text.plist.xml</string>
			<key>path</key>
			<string>Info.plist</string>
			<key>sourceTree</key>
			<string>&lt;group&gt;</string>
		</dict>
		<key>828D0D6E1ABDAA96002BEFC9</key>
		<dict>
			<key>isa</key>
			<string>PBXFileReference</string>
			<key>lastKnownFileType</key>
			<string>sourcecode.c.objc</string>
			<key>path</key>
			<string>SuperUnlockerTests.m</string>
			<key>sourceTree</key>
			<string>&lt;group&gt;</string>
		</dict>
		<key>828D0D6F1ABDAA96002BEFC9</key>
		<dict>
			<key>fileRef</key>
			<string>828D0D6E1ABDAA96002BEFC9</string>
			<key>isa</key>
			<string>PBXBuildFile</string>
		</dict>
		<key>828D0D701ABDAA96002BEFC9</key>
		<dict>
			<key>buildSettings</key>
			<dict>
				<key>ALWAYS_SEARCH_USER_PATHS</key>
				<string>NO</string>
				<key>CLANG_CXX_LANGUAGE_STANDARD</key>
				<string>gnu++0x</string>
				<key>CLANG_CXX_LIBRARY</key>
				<string>libc++</string>
				<key>CLANG_ENABLE_MODULES</key>
				<string>YES</string>
				<key>CLANG_ENABLE_OBJC_ARC</key>
				<string>YES</string>
				<key>CLANG_WARN_BOOL_CONVERSION</key>
				<string>YES</string>
				<key>CLANG_WARN_CONSTANT_CONVERSION</key>
				<string>YES</string>
				<key>CLANG_WARN_DIRECT_OBJC_ISA_USAGE</key>
				<string>YES_ERROR</string>
				<key>CLANG_WARN_EMPTY_BODY</key>
				<string>YES</string>
				<key>CLANG_WARN_ENUM_CONVERSION</key>
				<string>YES</string>
				<key>CLANG_WARN_INT_CONVERSION</key>
				<string>YES</string>
				<key>CLANG_WARN_OBJC_ROOT_CLASS</key>
				<string>YES_ERROR</string>
				<key>CLANG_WARN_UNREACHABLE_CODE</key>
				<string>YES</string>
				<key>CLANG_WARN__DUPLICATE_METHOD_MATCH</key>
				<string>YES</string>
				<key>CODE_SIGN_IDENTITY</key>
				<string>iPhone Developer</string>
				<key>CODE_SIGN_IDENTITY[sdk=iphoneos*]</key>
				<string>iPhone Developer</string>
				<key>COPY_PHASE_STRIP</key>
				<string>NO</string>
				<key>ENABLE_STRICT_OBJC_MSGSEND</key>
				<string>YES</string>
				<key>GCC_C_LANGUAGE_STANDARD</key>
				<string>gnu99</string>
				<key>GCC_DYNAMIC_NO_PIC</key>
				<string>NO</string>
				<key>GCC_OPTIMIZATION_LEVEL</key>
				<string>0</string>
				<key>GCC_PREPROCESSOR_DEFINITIONS</key>
				<array>
					<string>DEBUG=1</string>
					<string>$(inherited)</string>
				</array>
				<key>GCC_SYMBOLS_PRIVATE_EXTERN</key>
				<string>NO</string>
				<key>GCC_WARN_64_TO_32_BIT_CONVERSION</key>
				<string>YES</string>
				<key>GCC_WARN_ABOUT_RETURN_TYPE</key>
				<string>YES_ERROR</string>
				<key>GCC_WARN_UNDECLARED_SELECTOR</key>
				<string>YES</string>
				<key>GCC_WARN_UNINITIALIZED_AUTOS</key>
				<string>YES_AGGRESSIVE</string>
				<key>GCC_WARN_UNUSED_FUNCTION</key>
				<string>YES</string>
				<key>GCC_WARN_UNUSED_VARIABLE</key>
				<string>YES</string>
				<key>IPHONEOS_DEPLOYMENT_TARGET</key>
				<string>8.2</string>
				<key>MTL_ENABLE_DEBUG_INFO</key>
				<string>YES</string>
				<key>ONLY_ACTIVE_ARCH</key>
				<string>YES</string>
				<key>SDKROOT</key>
				<string>iphoneos</string>
			</dict>
			<key>isa</key>
			<string>XCBuildConfiguration</string>
			<key>name</key>
			<string>Debug</string>
		</dict>
		<key>828D0D711ABDAA96002BEFC9</key>
		<dict>
			<key>buildSettings</key>
			<dict>
				<key>ALWAYS_SEARCH_USER_PATHS</key>
				<string>NO</string>
				<key>CLANG_CXX_LANGUAGE_STANDARD</key>
				<string>gnu++0x</string>
				<key>CLANG_CXX_LIBRARY</key>
				<string>libc++</string>
				<key>CLANG_ENABLE_MODULES</key>
				<string>YES</string>
				<key>CLANG_ENABLE_OBJC_ARC</key>
				<string>YES</string>
				<key>CLANG_WARN_BOOL_CONVERSION</key>
				<string>YES</string>
				<key>CLANG_WARN_CONSTANT_CONVERSION</key>
				<string>YES</string>
				<key>CLANG_WARN_DIRECT_OBJC_ISA_USAGE</key>
				<string>YES_ERROR</string>
				<key>CLANG_WARN_EMPTY_BODY</key>
				<string>YES</string>
				<key>CLANG_WARN_ENUM_CONVERSION</key>
				<string>YES</string>
				<key>CLANG_WARN_INT_CONVERSION</key>
				<string>YES</string>
				<key>CLANG_WARN_OBJC_ROOT_CLASS</key>
				<string>YES_ERROR</string>
				<key>CLANG_WARN_UNREACHABLE_CODE</key>
				<string>YES</string>
				<key>CLANG_WARN__DUPLICATE_METHOD_MATCH</key>
				<string>YES</string>
				<key>CODE_SIGN_IDENTITY</key>
				<string>iPhone Developer</string>
				<key>CODE_SIGN_IDENTITY[sdk=iphoneos*]</key>
				<string>iPhone Developer</string>
				<key>COPY_PHASE_STRIP</key>
				<string>NO</string>
				<key>ENABLE_NS_ASSERTIONS</key>
				<string>NO</string>
				<key>ENABLE_STRICT_OBJC_MSGSEND</key>
				<string>YES</string>
				<key>GCC_C_LANGUAGE_STANDARD</key>
				<string>gnu99</string>
				<key>GCC_WARN_64_TO_32_BIT_CONVERSION</key>
				<string>YES</string>
				<key>GCC_WARN_ABOUT_RETURN_TYPE</key>
				<string>YES_ERROR</string>
				<key>GCC_WARN_UNDECLARED_SELECTOR</key>
				<string>YES</string>
				<key>GCC_WARN_UNINITIALIZED_AUTOS</key>
				<string>YES_AGGRESSIVE</string>
				<key>GCC_WARN_UNUSED_FUNCTION</key>
				<string>YES</string>
				<key>GCC_WARN_UNUSED_VARIABLE</key>
				<string>YES</string>
				<key>IPHONEOS_DEPLOYMENT_TARGET</key>
				<string>8.2</string>
				<key>MTL_ENABLE_DEBUG_INFO</key>
				<string>NO</string>
				<key>SDKROOT</key>
				<string>iphoneos</string>
				<key>VALIDATE_PRODUCT</key>
				<string>YES</string>
			</dict>
			<key>isa</key>
			<string>XCBuildConfiguration</string>
			<key>name</key>
			<string>Release</string>
		</dict>
		<key>828D0D721ABDAA96002BEFC9</key>
		<dict>
			<key>buildConfigurations</key>
			<array>
				<string>828D0D731ABDAA96002BEFC9</string>
				<string>828D0D741ABDAA96002BEFC9</string>
			</array>
			<key>defaultConfigurationIsVisible</key>
			<string>0</string>
			<key>defaultConfigurationName</key>
			<string>Debug</string>
			<key>isa</key>
			<string>XCConfigurationList</string>
		</dict>
		<key>828D0D731ABDAA96002BEFC9</key>
		<dict>
			<key>baseConfigurationReference</key>
			<string>9E70F8000F353E5CD6E724B8</string>
			<key>buildSettings</key>
			<dict>
				<key>ASSETCATALOG_COMPILER_APPICON_NAME</key>
				<string>AppIcon</string>
				<key>CODE_SIGN_IDENTITY</key>
				<string>iPhone Developer</string>
				<key>CODE_SIGN_IDENTITY[sdk=iphoneos*]</key>
				<string>iPhone Developer</string>
				<key>INFOPLIST_FILE</key>
				<string>SuperUnlocker/Info.plist</string>
				<key>LD_RUNPATH_SEARCH_PATHS</key>
				<string>$(inherited) @executable_path/Frameworks</string>
				<key>LIBRARY_SEARCH_PATHS</key>
				<array>
					<string>$(inherited)</string>
					<string>$(PROJECT_DIR)/DerivedData/Build/Products/Debug</string>
				</array>
				<key>PRODUCT_NAME</key>
				<string>$(TARGET_NAME)</string>
				<key>PROVISIONING_PROFILE</key>
				<string></string>
			</dict>
			<key>isa</key>
			<string>XCBuildConfiguration</string>
			<key>name</key>
			<string>Debug</string>
		</dict>
		<key>828D0D741ABDAA96002BEFC9</key>
		<dict>
			<key>baseConfigurationReference</key>
			<string>DD7FFDED5C0498624EA4BBA3</string>
			<key>buildSettings</key>
			<dict>
				<key>ASSETCATALOG_COMPILER_APPICON_NAME</key>
				<string>AppIcon</string>
				<key>CODE_SIGN_IDENTITY</key>
				<string>iPhone Developer</string>
				<key>CODE_SIGN_IDENTITY[sdk=iphoneos*]</key>
				<string>iPhone Developer</string>
				<key>INFOPLIST_FILE</key>
				<string>SuperUnlocker/Info.plist</string>
				<key>LD_RUNPATH_SEARCH_PATHS</key>
				<string>$(inherited) @executable_path/Frameworks</string>
				<key>LIBRARY_SEARCH_PATHS</key>
				<array>
					<string>$(inherited)</string>
					<string>$(PROJECT_DIR)/DerivedData/Build/Products/Debug</string>
				</array>
				<key>PRODUCT_NAME</key>
				<string>$(TARGET_NAME)</string>
				<key>PROVISIONING_PROFILE</key>
				<string></string>
			</dict>
			<key>isa</key>
			<string>XCBuildConfiguration</string>
			<key>name</key>
			<string>Release</string>
		</dict>
		<key>828D0D751ABDAA96002BEFC9</key>
		<dict>
			<key>buildConfigurations</key>
			<array>
				<string>828D0D761ABDAA96002BEFC9</string>
				<string>828D0D771ABDAA96002BEFC9</string>
			</array>
			<key>defaultConfigurationIsVisible</key>
			<string>0</string>
			<key>defaultConfigurationName</key>
			<string>Debug</string>
			<key>isa</key>
			<string>XCConfigurationList</string>
		</dict>
		<key>828D0D761ABDAA96002BEFC9</key>
		<dict>
			<key>buildSettings</key>
			<dict>
				<key>BUNDLE_LOADER</key>
				<string>$(TEST_HOST)</string>
				<key>FRAMEWORK_SEARCH_PATHS</key>
				<array>
					<string>$(SDKROOT)/Developer/Library/Frameworks</string>
					<string>$(inherited)</string>
				</array>
				<key>GCC_PREPROCESSOR_DEFINITIONS</key>
				<array>
					<string>DEBUG=1</string>
					<string>$(inherited)</string>
				</array>
				<key>INFOPLIST_FILE</key>
				<string>SuperUnlockerTests/Info.plist</string>
				<key>LD_RUNPATH_SEARCH_PATHS</key>
				<string>$(inherited) @executable_path/Frameworks @loader_path/Frameworks</string>
				<key>PRODUCT_NAME</key>
				<string>$(TARGET_NAME)</string>
				<key>TEST_HOST</key>
				<string>$(BUILT_PRODUCTS_DIR)/SuperUnlocker.app/SuperUnlocker</string>
			</dict>
			<key>isa</key>
			<string>XCBuildConfiguration</string>
			<key>name</key>
			<string>Debug</string>
		</dict>
		<key>828D0D771ABDAA96002BEFC9</key>
		<dict>
			<key>buildSettings</key>
			<dict>
				<key>BUNDLE_LOADER</key>
				<string>$(TEST_HOST)</string>
				<key>FRAMEWORK_SEARCH_PATHS</key>
				<array>
					<string>$(SDKROOT)/Developer/Library/Frameworks</string>
					<string>$(inherited)</string>
				</array>
				<key>INFOPLIST_FILE</key>
				<string>SuperUnlockerTests/Info.plist</string>
				<key>LD_RUNPATH_SEARCH_PATHS</key>
				<string>$(inherited) @executable_path/Frameworks @loader_path/Frameworks</string>
				<key>PRODUCT_NAME</key>
				<string>$(TARGET_NAME)</string>
				<key>TEST_HOST</key>
				<string>$(BUILT_PRODUCTS_DIR)/SuperUnlocker.app/SuperUnlocker</string>
			</dict>
			<key>isa</key>
			<string>XCBuildConfiguration</string>
			<key>name</key>
			<string>Release</string>
		</dict>
		<key>828D0D7A1ABDAE4F002BEFC9</key>
		<dict>
			<key>fileEncoding</key>
			<string>4</string>
			<key>isa</key>
			<string>PBXFileReference</string>
			<key>lastKnownFileType</key>
			<string>sourcecode.c.h</string>
			<key>path</key>
			<string>MainViewController.h</string>
			<key>sourceTree</key>
			<string>&lt;group&gt;</string>
		</dict>
		<key>828D0D7B1ABDAE4F002BEFC9</key>
		<dict>
			<key>fileEncoding</key>
			<string>4</string>
			<key>isa</key>
			<string>PBXFileReference</string>
			<key>lastKnownFileType</key>
			<string>sourcecode.c.objc</string>
			<key>path</key>
			<string>MainViewController.m</string>
			<key>sourceTree</key>
			<string>&lt;group&gt;</string>
		</dict>
		<key>828D0D7C1ABDAE4F002BEFC9</key>
		<dict>
			<key>fileRef</key>
			<string>828D0D7B1ABDAE4F002BEFC9</string>
			<key>isa</key>
			<string>PBXBuildFile</string>
		</dict>
		<key>82A6AFD51AC5C8B700EC00C7</key>
		<dict>
			<key>buildActionMask</key>
			<string>2147483647</string>
			<key>files</key>
			<array>
				<string>82A6B0331AC5CAA500EC00C7</string>
				<string>8215D0541AC6859800EE17D9</string>
				<string>82A6B03A1AC5CAA500EC00C7</string>
				<string>8215D05D1AC68A4C00EE17D9</string>
				<string>821E56AB1AC5F129000515A5</string>
				<string>82A6B0351AC5CAA500EC00C7</string>
				<string>B4D7A411854832CA4D1F5909</string>
			</array>
			<key>isa</key>
			<string>PBXSourcesBuildPhase</string>
			<key>runOnlyForDeploymentPostprocessing</key>
			<string>0</string>
		</dict>
		<key>82A6AFD61AC5C8B700EC00C7</key>
		<dict>
			<key>buildActionMask</key>
			<string>2147483647</string>
			<key>files</key>
			<array>
				<string>821E56A31AC5CCE2000515A5</string>
				<string>821E56A11AC5CCDD000515A5</string>
				<string>A1A3525A1AC6A23C002EC254</string>
			</array>
			<key>isa</key>
			<string>PBXFrameworksBuildPhase</string>
			<key>runOnlyForDeploymentPostprocessing</key>
			<string>0</string>
		</dict>
		<key>82A6AFD71AC5C8B700EC00C7</key>
		<dict>
			<key>buildActionMask</key>
			<string>2147483647</string>
			<key>files</key>
			<array>
				<string>82A6B03B1AC5CAA500EC00C7</string>
				<string>82A6B0301AC5CAA500EC00C7</string>
				<string>82A6B0341AC5CAA500EC00C7</string>
				<string>82A6B0321AC5CAA500EC00C7</string>
				<string>82A6B03D1AC5CAA500EC00C7</string>
				<string>82A6B0311AC5CAA500EC00C7</string>
			</array>
			<key>isa</key>
			<string>PBXResourcesBuildPhase</string>
			<key>runOnlyForDeploymentPostprocessing</key>
			<string>0</string>
		</dict>
		<key>82A6AFD81AC5C8B700EC00C7</key>
		<dict>
			<key>buildConfigurationList</key>
			<string>82A6AFF61AC5C8B700EC00C7</string>
			<key>buildPhases</key>
			<array>
				<string>82A6AFD51AC5C8B700EC00C7</string>
				<string>82A6AFD61AC5C8B700EC00C7</string>
				<string>82A6AFD71AC5C8B700EC00C7</string>
			</array>
			<key>buildRules</key>
			<array/>
			<key>dependencies</key>
			<array/>
			<key>isa</key>
			<string>PBXNativeTarget</string>
			<key>name</key>
			<string>MacGuarder</string>
			<key>productName</key>
			<string>MacGuarder</string>
			<key>productReference</key>
			<string>82A6AFD91AC5C8B700EC00C7</string>
			<key>productType</key>
			<string>com.apple.product-type.application</string>
		</dict>
		<key>82A6AFD91AC5C8B700EC00C7</key>
		<dict>
			<key>explicitFileType</key>
			<string>wrapper.application</string>
			<key>includeInIndex</key>
			<string>0</string>
			<key>isa</key>
			<string>PBXFileReference</string>
			<key>path</key>
			<string>MacGuarder.app</string>
			<key>sourceTree</key>
			<string>BUILT_PRODUCTS_DIR</string>
		</dict>
		<key>82A6AFDA1AC5C8B700EC00C7</key>
		<dict>
			<key>children</key>
			<array>
				<string>8215D05E1AC68AF900EE17D9</string>
				<string>8215D0511AC6859800EE17D9</string>
				<string>82A6B0151AC5CAA500EC00C7</string>
				<string>82A6B0191AC5CAA500EC00C7</string>
				<string>82A6B01A1AC5CAA500EC00C7</string>
				<string>82A6B01D1AC5CAA500EC00C7</string>
				<string>82A6B0221AC5CAA500EC00C7</string>
				<string>82A6B0251AC5CAA500EC00C7</string>
				<string>82A6B0261AC5CAA500EC00C7</string>
				<string>82A6B02B1AC5CAA500EC00C7</string>
				<string>82A6B02D1AC5CAA500EC00C7</string>
				<string>82A6B02F1AC5CAA500EC00C7</string>
				<string>82A6AFDB1AC5C8B700EC00C7</string>
			</array>
			<key>isa</key>
			<string>PBXGroup</string>
			<key>path</key>
			<string>MacGuarder</string>
			<key>sourceTree</key>
			<string>&lt;group&gt;</string>
		</dict>
		<key>82A6AFDB1AC5C8B700EC00C7</key>
		<dict>
			<key>children</key>
			<array>
				<string>82A6B02C1AC5CAA500EC00C7</string>
				<string>82A6B02E1AC5CAA500EC00C7</string>
				<string>821E56AA1AC5F129000515A5</string>
			</array>
			<key>isa</key>
			<string>PBXGroup</string>
			<key>name</key>
			<string>Supporting Files</string>
			<key>sourceTree</key>
			<string>&lt;group&gt;</string>
		</dict>
		<key>82A6AFEA1AC5C8B700EC00C7</key>
		<dict>
			<key>buildActionMask</key>
			<string>2147483647</string>
			<key>files</key>
			<array>
				<string>82A6AFF51AC5C8B700EC00C7</string>
			</array>
			<key>isa</key>
			<string>PBXSourcesBuildPhase</string>
			<key>runOnlyForDeploymentPostprocessing</key>
			<string>0</string>
		</dict>
		<key>82A6AFEB1AC5C8B700EC00C7</key>
		<dict>
			<key>buildActionMask</key>
			<string>2147483647</string>
			<key>files</key>
			<array/>
			<key>isa</key>
			<string>PBXFrameworksBuildPhase</string>
			<key>runOnlyForDeploymentPostprocessing</key>
			<string>0</string>
		</dict>
		<key>82A6AFEC1AC5C8B700EC00C7</key>
		<dict>
			<key>buildActionMask</key>
			<string>2147483647</string>
			<key>files</key>
			<array/>
			<key>isa</key>
			<string>PBXResourcesBuildPhase</string>
			<key>runOnlyForDeploymentPostprocessing</key>
			<string>0</string>
		</dict>
		<key>82A6AFED1AC5C8B700EC00C7</key>
		<dict>
			<key>buildConfigurationList</key>
			<string>82A6AFF91AC5C8B700EC00C7</string>
			<key>buildPhases</key>
			<array>
				<string>82A6AFEA1AC5C8B700EC00C7</string>
				<string>82A6AFEB1AC5C8B700EC00C7</string>
				<string>82A6AFEC1AC5C8B700EC00C7</string>
			</array>
			<key>buildRules</key>
			<array/>
			<key>dependencies</key>
			<array>
				<string>82A6AFF01AC5C8B700EC00C7</string>
			</array>
			<key>isa</key>
			<string>PBXNativeTarget</string>
			<key>name</key>
			<string>MacGuarderTests</string>
			<key>productName</key>
			<string>MacGuarderTests</string>
			<key>productReference</key>
			<string>82A6AFEE1AC5C8B700EC00C7</string>
			<key>productType</key>
			<string>com.apple.product-type.bundle.unit-test</string>
		</dict>
		<key>82A6AFEE1AC5C8B700EC00C7</key>
		<dict>
			<key>explicitFileType</key>
			<string>wrapper.cfbundle</string>
			<key>includeInIndex</key>
			<string>0</string>
			<key>isa</key>
			<string>PBXFileReference</string>
			<key>path</key>
			<string>MacGuarderTests.xctest</string>
			<key>sourceTree</key>
			<string>BUILT_PRODUCTS_DIR</string>
		</dict>
		<key>82A6AFEF1AC5C8B700EC00C7</key>
		<dict>
			<key>containerPortal</key>
			<string>828D0D471ABDAA96002BEFC9</string>
			<key>isa</key>
			<string>PBXContainerItemProxy</string>
			<key>proxyType</key>
			<string>1</string>
			<key>remoteGlobalIDString</key>
			<string>82A6AFD81AC5C8B700EC00C7</string>
			<key>remoteInfo</key>
			<string>MacGuarder</string>
		</dict>
		<key>82A6AFF01AC5C8B700EC00C7</key>
		<dict>
			<key>isa</key>
			<string>PBXTargetDependency</string>
			<key>target</key>
			<string>82A6AFD81AC5C8B700EC00C7</string>
			<key>targetProxy</key>
			<string>82A6AFEF1AC5C8B700EC00C7</string>
		</dict>
		<key>82A6AFF11AC5C8B700EC00C7</key>
		<dict>
			<key>children</key>
			<array>
				<string>82A6AFF41AC5C8B700EC00C7</string>
				<string>82A6AFF21AC5C8B700EC00C7</string>
			</array>
			<key>isa</key>
			<string>PBXGroup</string>
			<key>path</key>
			<string>MacGuarderTests</string>
			<key>sourceTree</key>
			<string>&lt;group&gt;</string>
		</dict>
		<key>82A6AFF21AC5C8B700EC00C7</key>
		<dict>
			<key>children</key>
			<array>
				<string>82A6AFF31AC5C8B700EC00C7</string>
			</array>
			<key>isa</key>
			<string>PBXGroup</string>
			<key>name</key>
			<string>Supporting Files</string>
			<key>sourceTree</key>
			<string>&lt;group&gt;</string>
		</dict>
		<key>82A6AFF31AC5C8B700EC00C7</key>
		<dict>
			<key>isa</key>
			<string>PBXFileReference</string>
			<key>lastKnownFileType</key>
			<string>text.plist.xml</string>
			<key>path</key>
			<string>Info.plist</string>
			<key>sourceTree</key>
			<string>&lt;group&gt;</string>
		</dict>
		<key>82A6AFF41AC5C8B700EC00C7</key>
		<dict>
			<key>isa</key>
			<string>PBXFileReference</string>
			<key>lastKnownFileType</key>
			<string>sourcecode.c.objc</string>
			<key>path</key>
			<string>MacGuarderTests.m</string>
			<key>sourceTree</key>
			<string>&lt;group&gt;</string>
		</dict>
		<key>82A6AFF51AC5C8B700EC00C7</key>
		<dict>
			<key>fileRef</key>
			<string>82A6AFF41AC5C8B700EC00C7</string>
			<key>isa</key>
			<string>PBXBuildFile</string>
		</dict>
		<key>82A6AFF61AC5C8B700EC00C7</key>
		<dict>
			<key>buildConfigurations</key>
			<array>
				<string>82A6AFF71AC5C8B700EC00C7</string>
				<string>82A6AFF81AC5C8B700EC00C7</string>
			</array>
			<key>defaultConfigurationIsVisible</key>
			<string>0</string>
			<key>defaultConfigurationName</key>
			<string>Debug</string>
			<key>isa</key>
			<string>XCConfigurationList</string>
		</dict>
		<key>82A6AFF71AC5C8B700EC00C7</key>
		<dict>
			<key>buildSettings</key>
			<dict>
				<key>ASSETCATALOG_COMPILER_APPICON_NAME</key>
				<string>AppIcon</string>
				<key>CODE_SIGN_IDENTITY</key>
				<string></string>
				<key>COMBINE_HIDPI_IMAGES</key>
				<string>YES</string>
				<key>GCC_PREPROCESSOR_DEFINITIONS</key>
				<array>
					<string>DEBUG=1</string>
					<string>$(inherited)</string>
				</array>
				<key>INFOPLIST_FILE</key>
				<string>MacGuarder/Info.plist</string>
				<key>LD_RUNPATH_SEARCH_PATHS</key>
				<string>$(inherited) @executable_path/../Frameworks</string>
				<key>LIBRARY_SEARCH_PATHS</key>
				<array>
					<string>$(inherited)</string>
					<string>$(PROJECT_DIR)/build/Debug</string>
					<string>$(PROJECT_DIR)/DerivedData/Build/Products/Debug</string>
				</array>
				<key>MACOSX_DEPLOYMENT_TARGET</key>
				<string>10.10</string>
				<key>PRODUCT_NAME</key>
				<string>$(TARGET_NAME)</string>
				<key>SDKROOT</key>
				<string>macosx</string>
			</dict>
			<key>isa</key>
			<string>XCBuildConfiguration</string>
			<key>name</key>
			<string>Debug</string>
		</dict>
		<key>82A6AFF81AC5C8B700EC00C7</key>
		<dict>
			<key>buildSettings</key>
			<dict>
				<key>ASSETCATALOG_COMPILER_APPICON_NAME</key>
				<string>AppIcon</string>
				<key>CODE_SIGN_IDENTITY</key>
				<string></string>
				<key>COMBINE_HIDPI_IMAGES</key>
				<string>YES</string>
				<key>DEBUG_INFORMATION_FORMAT</key>
				<string>dwarf-with-dsym</string>
				<key>INFOPLIST_FILE</key>
				<string>MacGuarder/Info.plist</string>
				<key>LD_RUNPATH_SEARCH_PATHS</key>
				<string>$(inherited) @executable_path/../Frameworks</string>
				<key>LIBRARY_SEARCH_PATHS</key>
				<array>
					<string>$(inherited)</string>
					<string>$(PROJECT_DIR)/build/Debug</string>
					<string>$(PROJECT_DIR)/DerivedData/Build/Products/Debug</string>
				</array>
				<key>MACOSX_DEPLOYMENT_TARGET</key>
				<string>10.10</string>
				<key>PRODUCT_NAME</key>
				<string>$(TARGET_NAME)</string>
				<key>SDKROOT</key>
				<string>macosx</string>
			</dict>
			<key>isa</key>
			<string>XCBuildConfiguration</string>
			<key>name</key>
			<string>Release</string>
		</dict>
		<key>82A6AFF91AC5C8B700EC00C7</key>
		<dict>
			<key>buildConfigurations</key>
			<array>
				<string>82A6AFFA1AC5C8B700EC00C7</string>
				<string>82A6AFFB1AC5C8B700EC00C7</string>
			</array>
			<key>defaultConfigurationIsVisible</key>
			<string>0</string>
			<key>defaultConfigurationName</key>
			<string>Debug</string>
			<key>isa</key>
			<string>XCConfigurationList</string>
		</dict>
		<key>82A6AFFA1AC5C8B700EC00C7</key>
		<dict>
			<key>buildSettings</key>
			<dict>
				<key>BUNDLE_LOADER</key>
				<string>$(TEST_HOST)</string>
				<key>CODE_SIGN_IDENTITY</key>
				<string></string>
				<key>COMBINE_HIDPI_IMAGES</key>
				<string>YES</string>
				<key>FRAMEWORK_SEARCH_PATHS</key>
				<array>
					<string>$(DEVELOPER_FRAMEWORKS_DIR)</string>
					<string>$(inherited)</string>
				</array>
				<key>GCC_PREPROCESSOR_DEFINITIONS</key>
				<array>
					<string>DEBUG=1</string>
					<string>$(inherited)</string>
				</array>
				<key>INFOPLIST_FILE</key>
				<string>MacGuarderTests/Info.plist</string>
				<key>LD_RUNPATH_SEARCH_PATHS</key>
				<string>$(inherited) @executable_path/../Frameworks @loader_path/../Frameworks</string>
				<key>MACOSX_DEPLOYMENT_TARGET</key>
				<string>10.10</string>
				<key>PRODUCT_NAME</key>
				<string>$(TARGET_NAME)</string>
				<key>SDKROOT</key>
				<string>macosx</string>
				<key>TEST_HOST</key>
				<string>$(BUILT_PRODUCTS_DIR)/MacGuarder.app/Contents/MacOS/MacGuarder</string>
			</dict>
			<key>isa</key>
			<string>XCBuildConfiguration</string>
			<key>name</key>
			<string>Debug</string>
		</dict>
		<key>82A6AFFB1AC5C8B700EC00C7</key>
		<dict>
			<key>buildSettings</key>
			<dict>
				<key>BUNDLE_LOADER</key>
				<string>$(TEST_HOST)</string>
				<key>CODE_SIGN_IDENTITY</key>
				<string></string>
				<key>COMBINE_HIDPI_IMAGES</key>
				<string>YES</string>
				<key>DEBUG_INFORMATION_FORMAT</key>
				<string>dwarf-with-dsym</string>
				<key>FRAMEWORK_SEARCH_PATHS</key>
				<array>
					<string>$(DEVELOPER_FRAMEWORKS_DIR)</string>
					<string>$(inherited)</string>
				</array>
				<key>INFOPLIST_FILE</key>
				<string>MacGuarderTests/Info.plist</string>
				<key>LD_RUNPATH_SEARCH_PATHS</key>
				<string>$(inherited) @executable_path/../Frameworks @loader_path/../Frameworks</string>
				<key>MACOSX_DEPLOYMENT_TARGET</key>
				<string>10.10</string>
				<key>PRODUCT_NAME</key>
				<string>$(TARGET_NAME)</string>
				<key>SDKROOT</key>
				<string>macosx</string>
				<key>TEST_HOST</key>
				<string>$(BUILT_PRODUCTS_DIR)/MacGuarder.app/Contents/MacOS/MacGuarder</string>
			</dict>
			<key>isa</key>
			<string>XCBuildConfiguration</string>
			<key>name</key>
			<string>Release</string>
		</dict>
		<key>82A6B0151AC5CAA500EC00C7</key>
		<dict>
			<key>fileEncoding</key>
			<string>4</string>
			<key>isa</key>
			<string>PBXFileReference</string>
			<key>lastKnownFileType</key>
			<string>sourcecode.c.h</string>
			<key>path</key>
			<string>AppDelegate.h</string>
			<key>sourceTree</key>
			<string>&lt;group&gt;</string>
		</dict>
		<key>82A6B0191AC5CAA500EC00C7</key>
		<dict>
			<key>fileEncoding</key>
			<string>4</string>
			<key>isa</key>
			<string>PBXFileReference</string>
			<key>lastKnownFileType</key>
			<string>sourcecode.c.h</string>
			<key>path</key>
			<string>RSSISmootheningFilter.h</string>
			<key>sourceTree</key>
			<string>&lt;group&gt;</string>
		</dict>
		<key>82A6B01A1AC5CAA500EC00C7</key>
		<dict>
			<key>children</key>
			<array>
				<string>82A6B01B1AC5CAA500EC00C7</string>
			</array>
			<key>isa</key>
			<string>PBXGroup</string>
			<key>path</key>
			<string>Base.lproj</string>
			<key>sourceTree</key>
			<string>&lt;group&gt;</string>
		</dict>
		<key>82A6B01B1AC5CAA500EC00C7</key>
		<dict>
			<key>children</key>
			<array>
				<string>82A6B01C1AC5CAA500EC00C7</string>
			</array>
			<key>isa</key>
			<string>PBXVariantGroup</string>
			<key>name</key>
			<string>MainMenu.xib</string>
			<key>sourceTree</key>
			<string>&lt;group&gt;</string>
		</dict>
		<key>82A6B01C1AC5CAA500EC00C7</key>
		<dict>
			<key>isa</key>
			<string>PBXFileReference</string>
			<key>lastKnownFileType</key>
			<string>file.xib</string>
			<key>name</key>
			<string>Base</string>
			<key>path</key>
			<string>MainMenu.xib</string>
			<key>sourceTree</key>
			<string>&lt;group&gt;</string>
		</dict>
		<key>82A6B01D1AC5CAA500EC00C7</key>
		<dict>
			<key>children</key>
			<array>
				<string>82A6B01E1AC5CAA500EC00C7</string>
				<string>82A6B0201AC5CAA500EC00C7</string>
			</array>
			<key>isa</key>
			<string>PBXGroup</string>
			<key>path</key>
			<string>en.lproj</string>
			<key>sourceTree</key>
			<string>&lt;group&gt;</string>
		</dict>
		<key>82A6B01E1AC5CAA500EC00C7</key>
		<dict>
			<key>children</key>
			<array>
				<string>82A6B01F1AC5CAA500EC00C7</string>
			</array>
			<key>isa</key>
			<string>PBXVariantGroup</string>
			<key>name</key>
			<string>Credits.rtf</string>
			<key>sourceTree</key>
			<string>&lt;group&gt;</string>
		</dict>
		<key>82A6B01F1AC5CAA500EC00C7</key>
		<dict>
			<key>isa</key>
			<string>PBXFileReference</string>
			<key>lastKnownFileType</key>
			<string>text.rtf</string>
			<key>name</key>
			<string>en</string>
			<key>path</key>
			<string>Credits.rtf</string>
			<key>sourceTree</key>
			<string>&lt;group&gt;</string>
		</dict>
		<key>82A6B0201AC5CAA500EC00C7</key>
		<dict>
			<key>children</key>
			<array>
				<string>82A6B0211AC5CAA500EC00C7</string>
			</array>
			<key>isa</key>
			<string>PBXVariantGroup</string>
			<key>name</key>
			<string>InfoPlist.strings</string>
			<key>sourceTree</key>
			<string>&lt;group&gt;</string>
		</dict>
		<key>82A6B0211AC5CAA500EC00C7</key>
		<dict>
			<key>isa</key>
			<string>PBXFileReference</string>
			<key>lastKnownFileType</key>
			<string>text.plist.strings</string>
			<key>name</key>
			<string>en</string>
			<key>path</key>
			<string>InfoPlist.strings</string>
			<key>sourceTree</key>
			<string>&lt;group&gt;</string>
		</dict>
		<key>82A6B0221AC5CAA500EC00C7</key>
		<dict>
			<key>children</key>
			<array>
				<string>82A6B0231AC5CAA500EC00C7</string>
				<string>82A6B0241AC5CAA500EC00C7</string>
			</array>
			<key>isa</key>
			<string>PBXGroup</string>
			<key>path</key>
			<string>Helper</string>
			<key>sourceTree</key>
			<string>&lt;group&gt;</string>
		</dict>
		<key>82A6B0231AC5CAA500EC00C7</key>
		<dict>
			<key>fileEncoding</key>
			<string>4</string>
			<key>isa</key>
			<string>PBXFileReference</string>
			<key>lastKnownFileType</key>
			<string>sourcecode.c.h</string>
			<key>path</key>
			<string>MacGuarderHelper.h</string>
			<key>sourceTree</key>
			<string>&lt;group&gt;</string>
		</dict>
		<key>82A6B0241AC5CAA500EC00C7</key>
		<dict>
			<key>fileEncoding</key>
			<string>4</string>
			<key>isa</key>
			<string>PBXFileReference</string>
			<key>lastKnownFileType</key>
			<string>sourcecode.c.objc</string>
			<key>path</key>
			<string>MacGuarderHelper.m</string>
			<key>sourceTree</key>
			<string>&lt;group&gt;</string>
		</dict>
		<key>82A6B0251AC5CAA500EC00C7</key>
		<dict>
			<key>isa</key>
			<string>PBXFileReference</string>
			<key>lastKnownFileType</key>
			<string>folder.assetcatalog</string>
			<key>path</key>
			<string>Images.xcassets</string>
			<key>sourceTree</key>
			<string>&lt;group&gt;</string>
		</dict>
		<key>82A6B0261AC5CAA500EC00C7</key>
		<dict>
			<key>fileEncoding</key>
			<string>4</string>
			<key>isa</key>
			<string>PBXFileReference</string>
			<key>lastKnownFileType</key>
			<string>sourcecode.c.objc</string>
			<key>path</key>
			<string>AppDelegate.m</string>
			<key>sourceTree</key>
			<string>&lt;group&gt;</string>
		</dict>
		<key>82A6B02B1AC5CAA500EC00C7</key>
		<dict>
			<key>fileEncoding</key>
			<string>4</string>
			<key>isa</key>
			<string>PBXFileReference</string>
			<key>lastKnownFileType</key>
			<string>sourcecode.c.objc</string>
			<key>path</key>
			<string>RSSISmootheningFilter.m</string>
			<key>sourceTree</key>
			<string>&lt;group&gt;</string>
		</dict>
		<key>82A6B02C1AC5CAA500EC00C7</key>
		<dict>
			<key>fileEncoding</key>
			<string>4</string>
			<key>isa</key>
			<string>PBXFileReference</string>
			<key>lastKnownFileType</key>
			<string>sourcecode.c.h</string>
			<key>path</key>
			<string>MacGuarder-Prefix.pch</string>
			<key>sourceTree</key>
			<string>&lt;group&gt;</string>
		</dict>
		<key>82A6B02D1AC5CAA500EC00C7</key>
		<dict>
			<key>fileEncoding</key>
			<string>4</string>
			<key>isa</key>
			<string>PBXFileReference</string>
			<key>lastKnownFileType</key>
			<string>text.plist.xml</string>
			<key>path</key>
			<string>DevicesConfig.plist</string>
			<key>sourceTree</key>
			<string>&lt;group&gt;</string>
		</dict>
		<key>82A6B02E1AC5CAA500EC00C7</key>
		<dict>
			<key>fileEncoding</key>
			<string>4</string>
			<key>isa</key>
			<string>PBXFileReference</string>
			<key>lastKnownFileType</key>
			<string>text.plist.xml</string>
			<key>path</key>
			<string>Info.plist</string>
			<key>sourceTree</key>
			<string>&lt;group&gt;</string>
		</dict>
		<key>82A6B02F1AC5CAA500EC00C7</key>
		<dict>
			<key>fileEncoding</key>
			<string>4</string>
			<key>isa</key>
			<string>PBXFileReference</string>
			<key>lastKnownFileType</key>
			<string>text.plist.xml</string>
			<key>path</key>
			<string>UserInfo.plist</string>
			<key>sourceTree</key>
			<string>&lt;group&gt;</string>
		</dict>
		<key>82A6B0301AC5CAA500EC00C7</key>
		<dict>
			<key>fileRef</key>
			<string>82A6B01B1AC5CAA500EC00C7</string>
			<key>isa</key>
			<string>PBXBuildFile</string>
		</dict>
		<key>82A6B0311AC5CAA500EC00C7</key>
		<dict>
			<key>fileRef</key>
			<string>82A6B01E1AC5CAA500EC00C7</string>
			<key>isa</key>
			<string>PBXBuildFile</string>
		</dict>
		<key>82A6B0321AC5CAA500EC00C7</key>
		<dict>
			<key>fileRef</key>
			<string>82A6B0201AC5CAA500EC00C7</string>
			<key>isa</key>
			<string>PBXBuildFile</string>
		</dict>
		<key>82A6B0331AC5CAA500EC00C7</key>
		<dict>
			<key>fileRef</key>
			<string>82A6B0241AC5CAA500EC00C7</string>
			<key>isa</key>
			<string>PBXBuildFile</string>
		</dict>
		<key>82A6B0341AC5CAA500EC00C7</key>
		<dict>
			<key>fileRef</key>
			<string>82A6B0251AC5CAA500EC00C7</string>
			<key>isa</key>
			<string>PBXBuildFile</string>
		</dict>
		<key>82A6B0351AC5CAA500EC00C7</key>
		<dict>
			<key>fileRef</key>
			<string>82A6B0261AC5CAA500EC00C7</string>
			<key>isa</key>
			<string>PBXBuildFile</string>
		</dict>
		<key>82A6B03A1AC5CAA500EC00C7</key>
		<dict>
			<key>fileRef</key>
			<string>82A6B02B1AC5CAA500EC00C7</string>
			<key>isa</key>
			<string>PBXBuildFile</string>
		</dict>
		<key>82A6B03B1AC5CAA500EC00C7</key>
		<dict>
			<key>fileRef</key>
			<string>82A6B02D1AC5CAA500EC00C7</string>
			<key>isa</key>
			<string>PBXBuildFile</string>
		</dict>
		<key>82A6B03D1AC5CAA500EC00C7</key>
		<dict>
			<key>fileRef</key>
			<string>82A6B02F1AC5CAA500EC00C7</string>
			<key>isa</key>
			<string>PBXBuildFile</string>
		</dict>
		<key>9D57DA59D562CD9338A76C25</key>
		<dict>
			<key>buildActionMask</key>
			<string>2147483647</string>
			<key>files</key>
			<array/>
			<key>inputPaths</key>
			<array/>
			<key>isa</key>
			<string>PBXShellScriptBuildPhase</string>
			<key>name</key>
			<string>Copy Pods Resources</string>
			<key>outputPaths</key>
			<array/>
			<key>runOnlyForDeploymentPostprocessing</key>
			<string>0</string>
			<key>shellPath</key>
			<string>/bin/sh</string>
			<key>shellScript</key>
			<string>"${SRCROOT}/Pods/Target Support Files/Pods-SuperUnlocker/Pods-SuperUnlocker-resources.sh"
</string>
			<key>showEnvVarsInLog</key>
			<string>0</string>
		</dict>
		<key>9E70F8000F353E5CD6E724B8</key>
		<dict>
			<key>includeInIndex</key>
			<string>1</string>
			<key>isa</key>
			<string>PBXFileReference</string>
			<key>lastKnownFileType</key>
			<string>text.xcconfig</string>
			<key>name</key>
			<string>Pods-SuperUnlocker.debug.xcconfig</string>
			<key>path</key>
			<string>Pods/Target Support Files/Pods-SuperUnlocker/Pods-SuperUnlocker.debug.xcconfig</string>
			<key>sourceTree</key>
			<string>&lt;group&gt;</string>
		</dict>
		<key>A1A3525A1AC6A23C002EC254</key>
		<dict>
			<key>fileRef</key>
			<string>8278342E1ABF1AEA006F5A63</string>
			<key>isa</key>
			<string>PBXBuildFile</string>
		</dict>
		<key>A1A3525E1AC6BB42002EC254</key>
		<dict>
			<key>isa</key>
			<string>PBXFileReference</string>
			<key>lastKnownFileType</key>
			<string>wrapper.framework</string>
			<key>name</key>
			<string>CoreMotion.framework</string>
			<key>path</key>
			<string>System/Library/Frameworks/CoreMotion.framework</string>
			<key>sourceTree</key>
			<string>SDKROOT</string>
		</dict>
		<key>A1A3525F1AC6BB42002EC254</key>
		<dict>
			<key>fileRef</key>
			<string>A1A3525E1AC6BB42002EC254</string>
			<key>isa</key>
			<string>PBXBuildFile</string>
		</dict>
		<key>A1A352601AC6BF3B002EC254</key>
		<dict>
			<key>children</key>
			<array>
				<string>A1A352611AC6BF59002EC254</string>
				<string>A1A352621AC6BF59002EC254</string>
			</array>
			<key>isa</key>
			<string>PBXGroup</string>
			<key>path</key>
			<string>Inputs</string>
			<key>sourceTree</key>
			<string>&lt;group&gt;</string>
		</dict>
		<key>A1A352611AC6BF59002EC254</key>
		<dict>
			<key>fileEncoding</key>
			<string>4</string>
			<key>isa</key>
			<string>PBXFileReference</string>
			<key>lastKnownFileType</key>
			<string>sourcecode.c.h</string>
			<key>path</key>
			<string>MotionDetector.h</string>
			<key>sourceTree</key>
			<string>&lt;group&gt;</string>
		</dict>
		<key>A1A352621AC6BF59002EC254</key>
		<dict>
			<key>fileEncoding</key>
			<string>4</string>
			<key>isa</key>
			<string>PBXFileReference</string>
			<key>lastKnownFileType</key>
			<string>sourcecode.c.objc</string>
			<key>path</key>
			<string>MotionDetector.m</string>
			<key>sourceTree</key>
			<string>&lt;group&gt;</string>
		</dict>
		<key>A1A352631AC6BF59002EC254</key>
		<dict>
			<key>fileRef</key>
			<string>A1A352621AC6BF59002EC254</string>
			<key>isa</key>
			<string>PBXBuildFile</string>
		</dict>
		<key>A1A352641AC6C527002EC254</key>
		<dict>
			<key>isa</key>
			<string>PBXFileReference</string>
			<key>lastKnownFileType</key>
			<string>wrapper.framework</string>
			<key>name</key>
			<string>AVFoundation.framework</string>
			<key>path</key>
			<string>System/Library/Frameworks/AVFoundation.framework</string>
			<key>sourceTree</key>
			<string>SDKROOT</string>
		</dict>
		<key>A1A352651AC6C527002EC254</key>
		<dict>
			<key>fileRef</key>
			<string>A1A352641AC6C527002EC254</string>
			<key>isa</key>
			<string>PBXBuildFile</string>
		</dict>
		<key>A1A352661AC6C694002EC254</key>
		<dict>
			<key>children</key>
			<array>
				<string>A1A352691AC6C854002EC254</string>
				<string>A1A352671AC6C694002EC254</string>
			</array>
			<key>isa</key>
			<string>PBXGroup</string>
			<key>path</key>
			<string>Resources</string>
			<key>sourceTree</key>
			<string>&lt;group&gt;</string>
		</dict>
		<key>A1A352671AC6C694002EC254</key>
		<dict>
			<key>isa</key>
			<string>PBXFileReference</string>
			<key>lastKnownFileType</key>
			<string>file</string>
			<key>path</key>
			<string>sound.caf</string>
			<key>sourceTree</key>
			<string>&lt;group&gt;</string>
		</dict>
		<key>A1A352681AC6C694002EC254</key>
		<dict>
			<key>fileRef</key>
			<string>A1A352671AC6C694002EC254</string>
			<key>isa</key>
			<string>PBXBuildFile</string>
		</dict>
		<key>A1A352691AC6C854002EC254</key>
		<dict>
			<key>isa</key>
			<string>PBXFileReference</string>
			<key>lastKnownFileType</key>
			<string>file</string>
			<key>path</key>
			<string>silence.caf</string>
			<key>sourceTree</key>
			<string>&lt;group&gt;</string>
		</dict>
		<key>A1A3526A1AC6C854002EC254</key>
		<dict>
			<key>fileRef</key>
			<string>A1A352691AC6C854002EC254</string>
			<key>isa</key>
			<string>PBXBuildFile</string>
		</dict>
		<key>ABC1F4736FD86F2147EBF20F</key>
		<dict>
			<key>buildActionMask</key>
			<string>2147483647</string>
			<key>files</key>
			<array/>
			<key>inputPaths</key>
			<array/>
			<key>isa</key>
			<string>PBXShellScriptBuildPhase</string>
			<key>name</key>
			<string>Check Pods Manifest.lock</string>
			<key>outputPaths</key>
			<array/>
			<key>runOnlyForDeploymentPostprocessing</key>
			<string>0</string>
			<key>shellPath</key>
			<string>/bin/sh</string>
			<key>shellScript</key>
			<string>diff "${PODS_ROOT}/../Podfile.lock" "${PODS_ROOT}/Manifest.lock" &gt; /dev/null
if [[ $? != 0 ]] ; then
    cat &lt;&lt; EOM
error: The sandbox is not in sync with the Podfile.lock. Run 'pod install' or update your CocoaPods installation.
EOM
    exit 1
fi
</string>
			<key>showEnvVarsInLog</key>
			<string>0</string>
		</dict>
		<key>B4D7A411854832CA4D1F5909</key>
		<dict>
			<key>fileRef</key>
			<string>B4D7AFD3EE98F65459E06284</string>
			<key>isa</key>
			<string>PBXBuildFile</string>
		</dict>
		<key>B4D7A8E168309EB50E468AD7</key>
		<dict>
			<key>fileEncoding</key>
			<string>4</string>
			<key>isa</key>
			<string>PBXFileReference</string>
			<key>lastKnownFileType</key>
			<string>sourcecode.c.objc</string>
			<key>path</key>
			<string>PeripheralViewController.m</string>
			<key>sourceTree</key>
			<string>&lt;group&gt;</string>
		</dict>
		<key>B4D7A905E0222A394B729A81</key>
		<dict>
			<key>fileRef</key>
			<string>B4D7A8E168309EB50E468AD7</string>
			<key>isa</key>
			<string>PBXBuildFile</string>
		</dict>
		<key>B4D7ABDA58345C84CB1FC713</key>
		<dict>
			<key>fileEncoding</key>
			<string>4</string>
			<key>isa</key>
			<string>PBXFileReference</string>
			<key>lastKnownFileType</key>
			<string>sourcecode.c.h</string>
			<key>path</key>
			<string>PeripheralViewController.h</string>
			<key>sourceTree</key>
			<string>&lt;group&gt;</string>
		</dict>
		<key>B4D7AF6CAD03CA12951AAE99</key>
		<dict>
			<key>fileEncoding</key>
			<string>4</string>
			<key>isa</key>
			<string>PBXFileReference</string>
			<key>lastKnownFileType</key>
			<string>sourcecode.c.h</string>
			<key>path</key>
			<string>GuarderUserDefaults.h</string>
			<key>sourceTree</key>
			<string>&lt;group&gt;</string>
		</dict>
		<key>B4D7AFD3EE98F65459E06284</key>
		<dict>
			<key>fileEncoding</key>
			<string>4</string>
			<key>isa</key>
			<string>PBXFileReference</string>
			<key>lastKnownFileType</key>
			<string>sourcecode.c.objc</string>
			<key>path</key>
			<string>GuarderUserDefaults.m</string>
			<key>sourceTree</key>
			<string>&lt;group&gt;</string>
		</dict>
		<key>C20AD5BDD182614F757AC056</key>
		<dict>
			<key>explicitFileType</key>
			<string>archive.ar</string>
			<key>includeInIndex</key>
			<string>0</string>
			<key>isa</key>
			<string>PBXFileReference</string>
			<key>path</key>
			<string>libPods-SuperUnlocker.a</string>
			<key>sourceTree</key>
			<string>BUILT_PRODUCTS_DIR</string>
		</dict>
		<key>D43DD63B4F66465D737A34C8</key>
		<dict>
			<key>fileRef</key>
			<string>C20AD5BDD182614F757AC056</string>
			<key>isa</key>
			<string>PBXBuildFile</string>
		</dict>
		<key>DD7FFDED5C0498624EA4BBA3</key>
		<dict>
			<key>includeInIndex</key>
			<string>1</string>
			<key>isa</key>
			<string>PBXFileReference</string>
			<key>lastKnownFileType</key>
			<string>text.xcconfig</string>
			<key>name</key>
			<string>Pods-SuperUnlocker.release.xcconfig</string>
			<key>path</key>
			<string>Pods/Target Support Files/Pods-SuperUnlocker/Pods-SuperUnlocker.release.xcconfig</string>
			<key>sourceTree</key>
			<string>&lt;group&gt;</string>
		</dict>
		<key>E607686FE8C2FEB18428ADC8</key>
		<dict>
			<key>includeInIndex</key>
			<string>1</string>
			<key>isa</key>
			<string>PBXFileReference</string>
			<key>lastKnownFileType</key>
			<string>text.xcconfig</string>
			<key>name</key>
			<string>Pods.debug.xcconfig</string>
			<key>path</key>
			<string>Pods/Target Support Files/Pods/Pods.debug.xcconfig</string>
			<key>sourceTree</key>
			<string>&lt;group&gt;</string>
		</dict>
		<key>EF65A6DF2460593F9584962F</key>
		<dict>
			<key>includeInIndex</key>
			<string>1</string>
			<key>isa</key>
			<string>PBXFileReference</string>
			<key>lastKnownFileType</key>
			<string>text.xcconfig</string>
			<key>name</key>
			<string>Pods.release.xcconfig</string>
			<key>path</key>
			<string>Pods/Target Support Files/Pods/Pods.release.xcconfig</string>
			<key>sourceTree</key>
			<string>&lt;group&gt;</string>
		</dict>
	</dict>
	<key>rootObject</key>
	<string>828D0D471ABDAA96002BEFC9</string>
</dict>
</plist>